
Microsoft Visual Studio Solution File, Format Version 12.00
# Visual Studio 14
VisualStudioVersion = 14.0.25420.1
MinimumVisualStudioVersion = 10.0.40219.1
Project("{2150E333-8FDC-42A3-9474-1A3956D46DE8}") = "UnitTests", "UnitTests", "{DEECC213-180D-4C4E-A44B-5785F1C0FB73}"
EndProject
Project("{2150E333-8FDC-42A3-9474-1A3956D46DE8}") = "IntegrationTests", "IntegrationTests", "{07B00FDB-0426-4FAA-8C5E-DACDF7D03EDC}"
EndProject
Project("{FAE04EC0-301F-11D3-BF4B-00C04F79EFBC}") = "DynamicVisualizer.V11", "LINQBridgeVs\DynamicVisualizer.V11\DynamicVisualizer.V11.csproj", "{C6798D16-89F5-4BFF-8B62-2BE6D4BBC192}"
EndProject
Project("{FAE04EC0-301F-11D3-BF4B-00C04F79EFBC}") = "TypeMapper", "LINQBridgeVs\TypeMapper\TypeMapper.csproj", "{FCC8BF06-3173-4D21-A157-D1167B6407C9}"
EndProject
Project("{FAE04EC0-301F-11D3-BF4B-00C04F79EFBC}") = "BuildTasks", "LINQBridgeVs\BuildTasks\BuildTasks.csproj", "{276F3935-E0CA-450F-A55F-AED56DC2024E}"
EndProject
Project("{FAE04EC0-301F-11D3-BF4B-00C04F79EFBC}") = "BuildTasks.UnitTest", "..\Test\LINQBridgeVs.Test\BuildTasks.Test\BuildTasks.UnitTest.csproj", "{5030F9B8-D21E-456D-8A92-F92567D11104}"
EndProject
Project("{FAE04EC0-301F-11D3-BF4B-00C04F79EFBC}") = "Model.UnitTest", "..\Test\LINQBridgeVs.Test\Model.Test\Model.UnitTest.csproj", "{8A5E73F6-2093-4669-9C09-BEAB033BE56C}"
EndProject
Project("{FAE04EC0-301F-11D3-BF4B-00C04F79EFBC}") = "BridgeVs", "LINQBridgeVs\LINQBridgeVsExtension\BridgeVs.csproj", "{1B82F962-5D04-42B6-8D18-7AA8E8FB615F}"
EndProject
Project("{FAE04EC0-301F-11D3-BF4B-00C04F79EFBC}") = "VisualStudio", "LINQBridgeVs\VisualStudio\VisualStudio.csproj", "{8F6409F1-33E3-4310-BE84-12C4F838C0B0}"
EndProject
Project("{FAE04EC0-301F-11D3-BF4B-00C04F79EFBC}") = "DynamicCore.UnitTest", "..\Test\LINQBridgeVs.Test\DynamicCore.Test\DynamicCore.UnitTest.csproj", "{DDF44401-F193-46B8-BA6C-A3DE88BAED46}"
EndProject
Project("{FAE04EC0-301F-11D3-BF4B-00C04F79EFBC}") = "AnotherModel.UnitTest", "..\Test\LINQBridgeVs.Test\AnotherModel.Test\AnotherModel.UnitTest.csproj", "{7B0C3D12-296A-438D-B0EA-B049A0D6D3C1}"
EndProject
Project("{FAE04EC0-301F-11D3-BF4B-00C04F79EFBC}") = "DynamicCore", "LINQBridgeVs\DynamicCore\DynamicCore.csproj", "{B84FBD50-0B10-4C25-8430-680FC6FC3FEA}"
EndProject
Project("{FAE04EC0-301F-11D3-BF4B-00C04F79EFBC}") = "DynamicVisualizer.V10", "LINQBridgeVs\DynamicVisualizer.V10\DynamicVisualizer.V10.csproj", "{88641BE0-4023-4563-B7C9-8816624549AC}"
EndProject
Project("{FAE04EC0-301F-11D3-BF4B-00C04F79EFBC}") = "TypeMapper.UnitTest", "..\Test\LINQBridgeVs.Test\TypeMapper.Test\TypeMapper.UnitTest.csproj", "{08ADAF10-E655-4560-BF9C-9287E60247B5}"
EndProject
Project("{FAE04EC0-301F-11D3-BF4B-00C04F79EFBC}") = "DynamicVisualizer.V12", "LINQBridgeVs\DynamicVisualizer.V12\DynamicVisualizer.V12.csproj", "{835064F0-3C4F-4646-B17A-632C192CCE3B}"
EndProject
Project("{FAE04EC0-301F-11D3-BF4B-00C04F79EFBC}") = "DynamicVisualizer.V12.IntegrationTest", "..\Test\LINQBridgeVs.Test\DynamicVisualizer.V12.IntegrationTest\DynamicVisualizer.V12.IntegrationTest.csproj", "{E4E1ED5C-4D75-47C7-A0A4-F57F65C252B4}"
EndProject
Project("{FAE04EC0-301F-11D3-BF4B-00C04F79EFBC}") = "DynamicVisualizer.V10.IntegrationTest", "..\Test\LINQBridgeVs.Test\DynamicVisualizer.V10.IntegrationTest\DynamicVisualizer.V10.IntegrationTest.csproj", "{BD5831E5-EF85-4EA5-A63B-6AD7F8C1CA28}"
EndProject
Project("{FAE04EC0-301F-11D3-BF4B-00C04F79EFBC}") = "DynamicVisualizer.V11.IntegrationTest", "..\Test\LINQBridgeVs.Test\DynamicVisualizer.V11.IntegrationTest\DynamicVisualizer.V11.IntegrationTest.csproj", "{8B9A8154-A426-4B55-8F63-302C69662490}"
EndProject
Project("{FAE04EC0-301F-11D3-BF4B-00C04F79EFBC}") = "LINQBridgeVsExtension.IntegrationTest", "..\Test\LINQBridgeVs.Test\LINQBridgeVsExtension.UnitTests\LINQBridgeVsExtension.IntegrationTest.csproj", "{0AC90EDD-AD20-4FA8-A187-06C23BE9A455}"
EndProject
Project("{FAE04EC0-301F-11D3-BF4B-00C04F79EFBC}") = "BridgeVs.Helper", "LINQBridgeVs\Helpers\BridgeVs.Helper.csproj", "{0FA0053B-AB53-40DF-A060-6DCC22568A23}"
EndProject
Project("{FAE04EC0-301F-11D3-BF4B-00C04F79EFBC}") = "LINQBridgeVs.Helper.UnitTest", "..\Test\LINQBridgeVs.Test\LINQBridgeVs.Helper.UnitTest\LINQBridgeVs.Helper.UnitTest.csproj", "{7520E391-50B3-4938-9141-0EC491693968}"
EndProject
Project("{FAE04EC0-301F-11D3-BF4B-00C04F79EFBC}") = "DynamicVisualizer.V14", "LINQBridgeVs\DynamicVisualizer.V14\DynamicVisualizer.V14.csproj", "{0BEB30C9-243B-4192-8633-423B9322C587}"
EndProject
Project("{2150E333-8FDC-42A3-9474-1A3956D46DE8}") = "Installer", "Installer", "{6DB52A93-035F-4E8A-A9F1-2C98ABB586E6}"
EndProject
Project("{FAE04EC0-301F-11D3-BF4B-00C04F79EFBC}") = "Grapple", "Grapple\Grapple.csproj", "{79C0C9ED-D22C-4855-97C1-F6BD0127A531}"
EndProject
Project("{FAE04EC0-301F-11D3-BF4B-00C04F79EFBC}") = "Logging", "Logging\Logging.csproj", "{0B546762-C8C0-45C6-BC42-C5D91D510351}"
EndProject
Project("{2150E333-8FDC-42A3-9474-1A3956D46DE8}") = "Grapple", "Grapple", "{0205ECAD-AF6C-4517-BEF0-4EE1A331CFC6}"
EndProject
Project("{2150E333-8FDC-42A3-9474-1A3956D46DE8}") = "SInject", "SInject", "{F576F2DD-FB2C-469B-B769-8D622225430D}"
EndProject
Project("{FAE04EC0-301F-11D3-BF4B-00C04F79EFBC}") = "SInject", "SInject\SInject.csproj", "{CD851C2D-8B24-4D72-B2A1-149F7D27C2F1}"
EndProject
Project("{FAE04EC0-301F-11D3-BF4B-00C04F79EFBC}") = "SInject.Console", "..\Test\SInject.Console\SInject.Console.csproj", "{FFE2F6D9-8421-4DFA-878A-BFFBA513CC6F}"
EndProject
Project("{FAE04EC0-301F-11D3-BF4B-00C04F79EFBC}") = "SInject.Test", "..\Test\SInject.Test\SInject.Test.csproj", "{5D370118-2F96-49B6-B49A-62B6D2B46633}"
EndProject
Project("{FAE04EC0-301F-11D3-BF4B-00C04F79EFBC}") = "SInject.Test.Model", "../Test/SInject.Test.Model\SInject.Test.Model.csproj", "{BF2D610C-BD8F-4C1C-A23D-6B213E6699F3}"
EndProject
Global
	GlobalSection(SolutionConfigurationPlatforms) = preSolution
		Debug|Any CPU = Debug|Any CPU
		Deploy|Any CPU = Deploy|Any CPU
		Release|Any CPU = Release|Any CPU
		Test|Any CPU = Test|Any CPU
	EndGlobalSection
	GlobalSection(ProjectConfigurationPlatforms) = postSolution
		{C6798D16-89F5-4BFF-8B62-2BE6D4BBC192}.Debug|Any CPU.ActiveCfg = Debug|Any CPU
		{C6798D16-89F5-4BFF-8B62-2BE6D4BBC192}.Debug|Any CPU.Build.0 = Debug|Any CPU
		{C6798D16-89F5-4BFF-8B62-2BE6D4BBC192}.Deploy|Any CPU.ActiveCfg = Deploy|Any CPU
		{C6798D16-89F5-4BFF-8B62-2BE6D4BBC192}.Deploy|Any CPU.Build.0 = Deploy|Any CPU
		{C6798D16-89F5-4BFF-8B62-2BE6D4BBC192}.Release|Any CPU.ActiveCfg = Release|Any CPU
		{C6798D16-89F5-4BFF-8B62-2BE6D4BBC192}.Release|Any CPU.Build.0 = Release|Any CPU
		{C6798D16-89F5-4BFF-8B62-2BE6D4BBC192}.Test|Any CPU.ActiveCfg = Test|Any CPU
		{C6798D16-89F5-4BFF-8B62-2BE6D4BBC192}.Test|Any CPU.Build.0 = Test|Any CPU
		{FCC8BF06-3173-4D21-A157-D1167B6407C9}.Debug|Any CPU.ActiveCfg = Debug|Any CPU
		{FCC8BF06-3173-4D21-A157-D1167B6407C9}.Debug|Any CPU.Build.0 = Debug|Any CPU
		{FCC8BF06-3173-4D21-A157-D1167B6407C9}.Deploy|Any CPU.ActiveCfg = Deploy|Any CPU
		{FCC8BF06-3173-4D21-A157-D1167B6407C9}.Deploy|Any CPU.Build.0 = Deploy|Any CPU
		{FCC8BF06-3173-4D21-A157-D1167B6407C9}.Release|Any CPU.ActiveCfg = Release|Any CPU
		{FCC8BF06-3173-4D21-A157-D1167B6407C9}.Release|Any CPU.Build.0 = Release|Any CPU
		{FCC8BF06-3173-4D21-A157-D1167B6407C9}.Test|Any CPU.ActiveCfg = Test|Any CPU
		{FCC8BF06-3173-4D21-A157-D1167B6407C9}.Test|Any CPU.Build.0 = Test|Any CPU
		{276F3935-E0CA-450F-A55F-AED56DC2024E}.Debug|Any CPU.ActiveCfg = Debug|Any CPU
		{276F3935-E0CA-450F-A55F-AED56DC2024E}.Debug|Any CPU.Build.0 = Debug|Any CPU
		{276F3935-E0CA-450F-A55F-AED56DC2024E}.Deploy|Any CPU.ActiveCfg = Deploy|Any CPU
		{276F3935-E0CA-450F-A55F-AED56DC2024E}.Deploy|Any CPU.Build.0 = Deploy|Any CPU
		{276F3935-E0CA-450F-A55F-AED56DC2024E}.Release|Any CPU.ActiveCfg = Release|Any CPU
		{276F3935-E0CA-450F-A55F-AED56DC2024E}.Release|Any CPU.Build.0 = Release|Any CPU
		{276F3935-E0CA-450F-A55F-AED56DC2024E}.Test|Any CPU.ActiveCfg = Test|Any CPU
		{276F3935-E0CA-450F-A55F-AED56DC2024E}.Test|Any CPU.Build.0 = Test|Any CPU
		{5030F9B8-D21E-456D-8A92-F92567D11104}.Debug|Any CPU.ActiveCfg = Debug|Any CPU
		{5030F9B8-D21E-456D-8A92-F92567D11104}.Deploy|Any CPU.ActiveCfg = Deploy|Any CPU
		{5030F9B8-D21E-456D-8A92-F92567D11104}.Release|Any CPU.ActiveCfg = Release|Any CPU
		{5030F9B8-D21E-456D-8A92-F92567D11104}.Release|Any CPU.Build.0 = Release|Any CPU
		{5030F9B8-D21E-456D-8A92-F92567D11104}.Test|Any CPU.ActiveCfg = Test|Any CPU
		{5030F9B8-D21E-456D-8A92-F92567D11104}.Test|Any CPU.Build.0 = Test|Any CPU
		{8A5E73F6-2093-4669-9C09-BEAB033BE56C}.Debug|Any CPU.ActiveCfg = Debug|Any CPU
		{8A5E73F6-2093-4669-9C09-BEAB033BE56C}.Deploy|Any CPU.ActiveCfg = Deploy|Any CPU
		{8A5E73F6-2093-4669-9C09-BEAB033BE56C}.Release|Any CPU.ActiveCfg = Release|Any CPU
		{8A5E73F6-2093-4669-9C09-BEAB033BE56C}.Release|Any CPU.Build.0 = Release|Any CPU
		{8A5E73F6-2093-4669-9C09-BEAB033BE56C}.Test|Any CPU.ActiveCfg = Test|Any CPU
		{8A5E73F6-2093-4669-9C09-BEAB033BE56C}.Test|Any CPU.Build.0 = Test|Any CPU
		{1B82F962-5D04-42B6-8D18-7AA8E8FB615F}.Debug|Any CPU.ActiveCfg = Debug|Any CPU
		{1B82F962-5D04-42B6-8D18-7AA8E8FB615F}.Deploy|Any CPU.ActiveCfg = Deploy|Any CPU
		{1B82F962-5D04-42B6-8D18-7AA8E8FB615F}.Deploy|Any CPU.Build.0 = Deploy|Any CPU
		{1B82F962-5D04-42B6-8D18-7AA8E8FB615F}.Release|Any CPU.ActiveCfg = Release|Any CPU
		{1B82F962-5D04-42B6-8D18-7AA8E8FB615F}.Release|Any CPU.Build.0 = Release|Any CPU
		{1B82F962-5D04-42B6-8D18-7AA8E8FB615F}.Test|Any CPU.ActiveCfg = Test|Any CPU
		{1B82F962-5D04-42B6-8D18-7AA8E8FB615F}.Test|Any CPU.Build.0 = Test|Any CPU
		{8F6409F1-33E3-4310-BE84-12C4F838C0B0}.Debug|Any CPU.ActiveCfg = Debug|Any CPU
		{8F6409F1-33E3-4310-BE84-12C4F838C0B0}.Debug|Any CPU.Build.0 = Debug|Any CPU
		{8F6409F1-33E3-4310-BE84-12C4F838C0B0}.Deploy|Any CPU.ActiveCfg = Deploy|Any CPU
		{8F6409F1-33E3-4310-BE84-12C4F838C0B0}.Deploy|Any CPU.Build.0 = Deploy|Any CPU
		{8F6409F1-33E3-4310-BE84-12C4F838C0B0}.Release|Any CPU.ActiveCfg = Release|Any CPU
		{8F6409F1-33E3-4310-BE84-12C4F838C0B0}.Release|Any CPU.Build.0 = Release|Any CPU
		{8F6409F1-33E3-4310-BE84-12C4F838C0B0}.Test|Any CPU.ActiveCfg = Test|Any CPU
		{8F6409F1-33E3-4310-BE84-12C4F838C0B0}.Test|Any CPU.Build.0 = Test|Any CPU
		{DDF44401-F193-46B8-BA6C-A3DE88BAED46}.Debug|Any CPU.ActiveCfg = Debug|Any CPU
		{DDF44401-F193-46B8-BA6C-A3DE88BAED46}.Deploy|Any CPU.ActiveCfg = Deploy|Any CPU
		{DDF44401-F193-46B8-BA6C-A3DE88BAED46}.Release|Any CPU.ActiveCfg = Release|Any CPU
		{DDF44401-F193-46B8-BA6C-A3DE88BAED46}.Release|Any CPU.Build.0 = Release|Any CPU
		{DDF44401-F193-46B8-BA6C-A3DE88BAED46}.Test|Any CPU.ActiveCfg = Test|Any CPU
		{DDF44401-F193-46B8-BA6C-A3DE88BAED46}.Test|Any CPU.Build.0 = Test|Any CPU
		{7B0C3D12-296A-438D-B0EA-B049A0D6D3C1}.Debug|Any CPU.ActiveCfg = Debug|Any CPU
		{7B0C3D12-296A-438D-B0EA-B049A0D6D3C1}.Debug|Any CPU.Deploy.0 = Debug|Any CPU
		{7B0C3D12-296A-438D-B0EA-B049A0D6D3C1}.Deploy|Any CPU.ActiveCfg = Deploy|Any CPU
		{7B0C3D12-296A-438D-B0EA-B049A0D6D3C1}.Release|Any CPU.ActiveCfg = Release|Any CPU
		{7B0C3D12-296A-438D-B0EA-B049A0D6D3C1}.Release|Any CPU.Build.0 = Release|Any CPU
		{7B0C3D12-296A-438D-B0EA-B049A0D6D3C1}.Test|Any CPU.ActiveCfg = Test|Any CPU
		{7B0C3D12-296A-438D-B0EA-B049A0D6D3C1}.Test|Any CPU.Build.0 = Test|Any CPU
		{B84FBD50-0B10-4C25-8430-680FC6FC3FEA}.Debug|Any CPU.ActiveCfg = Debug|Any CPU
		{B84FBD50-0B10-4C25-8430-680FC6FC3FEA}.Debug|Any CPU.Build.0 = Debug|Any CPU
		{B84FBD50-0B10-4C25-8430-680FC6FC3FEA}.Deploy|Any CPU.ActiveCfg = Deploy|Any CPU
		{B84FBD50-0B10-4C25-8430-680FC6FC3FEA}.Deploy|Any CPU.Build.0 = Deploy|Any CPU
		{B84FBD50-0B10-4C25-8430-680FC6FC3FEA}.Release|Any CPU.ActiveCfg = Release|Any CPU
		{B84FBD50-0B10-4C25-8430-680FC6FC3FEA}.Release|Any CPU.Build.0 = Release|Any CPU
		{B84FBD50-0B10-4C25-8430-680FC6FC3FEA}.Test|Any CPU.ActiveCfg = Test|Any CPU
		{B84FBD50-0B10-4C25-8430-680FC6FC3FEA}.Test|Any CPU.Build.0 = Test|Any CPU
		{88641BE0-4023-4563-B7C9-8816624549AC}.Debug|Any CPU.ActiveCfg = Debug|Any CPU
		{88641BE0-4023-4563-B7C9-8816624549AC}.Debug|Any CPU.Build.0 = Debug|Any CPU
		{88641BE0-4023-4563-B7C9-8816624549AC}.Deploy|Any CPU.ActiveCfg = Deploy|Any CPU
		{88641BE0-4023-4563-B7C9-8816624549AC}.Deploy|Any CPU.Build.0 = Deploy|Any CPU
		{88641BE0-4023-4563-B7C9-8816624549AC}.Release|Any CPU.ActiveCfg = Release|Any CPU
		{88641BE0-4023-4563-B7C9-8816624549AC}.Release|Any CPU.Build.0 = Release|Any CPU
		{88641BE0-4023-4563-B7C9-8816624549AC}.Test|Any CPU.ActiveCfg = Test|Any CPU
		{88641BE0-4023-4563-B7C9-8816624549AC}.Test|Any CPU.Build.0 = Test|Any CPU
		{08ADAF10-E655-4560-BF9C-9287E60247B5}.Debug|Any CPU.ActiveCfg = Debug|Any CPU
		{08ADAF10-E655-4560-BF9C-9287E60247B5}.Debug|Any CPU.Build.0 = Debug|Any CPU
		{08ADAF10-E655-4560-BF9C-9287E60247B5}.Deploy|Any CPU.ActiveCfg = Deploy|Any CPU
		{08ADAF10-E655-4560-BF9C-9287E60247B5}.Release|Any CPU.ActiveCfg = Release|Any CPU
		{08ADAF10-E655-4560-BF9C-9287E60247B5}.Release|Any CPU.Build.0 = Release|Any CPU
		{08ADAF10-E655-4560-BF9C-9287E60247B5}.Test|Any CPU.ActiveCfg = Test|Any CPU
		{08ADAF10-E655-4560-BF9C-9287E60247B5}.Test|Any CPU.Build.0 = Test|Any CPU
		{835064F0-3C4F-4646-B17A-632C192CCE3B}.Debug|Any CPU.ActiveCfg = Debug|Any CPU
		{835064F0-3C4F-4646-B17A-632C192CCE3B}.Debug|Any CPU.Build.0 = Debug|Any CPU
		{835064F0-3C4F-4646-B17A-632C192CCE3B}.Deploy|Any CPU.ActiveCfg = Deploy|Any CPU
		{835064F0-3C4F-4646-B17A-632C192CCE3B}.Deploy|Any CPU.Build.0 = Deploy|Any CPU
		{835064F0-3C4F-4646-B17A-632C192CCE3B}.Release|Any CPU.ActiveCfg = Release|Any CPU
		{835064F0-3C4F-4646-B17A-632C192CCE3B}.Release|Any CPU.Build.0 = Release|Any CPU
		{835064F0-3C4F-4646-B17A-632C192CCE3B}.Test|Any CPU.ActiveCfg = Test|Any CPU
		{835064F0-3C4F-4646-B17A-632C192CCE3B}.Test|Any CPU.Build.0 = Test|Any CPU
		{E4E1ED5C-4D75-47C7-A0A4-F57F65C252B4}.Debug|Any CPU.ActiveCfg = Test|Any CPU
		{E4E1ED5C-4D75-47C7-A0A4-F57F65C252B4}.Deploy|Any CPU.ActiveCfg = Deploy|Any CPU
		{E4E1ED5C-4D75-47C7-A0A4-F57F65C252B4}.Release|Any CPU.ActiveCfg = Release|Any CPU
		{E4E1ED5C-4D75-47C7-A0A4-F57F65C252B4}.Release|Any CPU.Build.0 = Release|Any CPU
		{E4E1ED5C-4D75-47C7-A0A4-F57F65C252B4}.Test|Any CPU.ActiveCfg = Test|Any CPU
		{E4E1ED5C-4D75-47C7-A0A4-F57F65C252B4}.Test|Any CPU.Build.0 = Test|Any CPU
		{BD5831E5-EF85-4EA5-A63B-6AD7F8C1CA28}.Debug|Any CPU.ActiveCfg = Test|Any CPU
		{BD5831E5-EF85-4EA5-A63B-6AD7F8C1CA28}.Deploy|Any CPU.ActiveCfg = Deploy|Any CPU
		{BD5831E5-EF85-4EA5-A63B-6AD7F8C1CA28}.Release|Any CPU.ActiveCfg = Release|Any CPU
		{BD5831E5-EF85-4EA5-A63B-6AD7F8C1CA28}.Release|Any CPU.Build.0 = Release|Any CPU
		{BD5831E5-EF85-4EA5-A63B-6AD7F8C1CA28}.Test|Any CPU.ActiveCfg = Test|Any CPU
		{BD5831E5-EF85-4EA5-A63B-6AD7F8C1CA28}.Test|Any CPU.Build.0 = Test|Any CPU
		{8B9A8154-A426-4B55-8F63-302C69662490}.Debug|Any CPU.ActiveCfg = Test|Any CPU
		{8B9A8154-A426-4B55-8F63-302C69662490}.Deploy|Any CPU.ActiveCfg = Deploy|Any CPU
		{8B9A8154-A426-4B55-8F63-302C69662490}.Release|Any CPU.ActiveCfg = Release|Any CPU
		{8B9A8154-A426-4B55-8F63-302C69662490}.Release|Any CPU.Build.0 = Release|Any CPU
		{8B9A8154-A426-4B55-8F63-302C69662490}.Test|Any CPU.ActiveCfg = Test|Any CPU
		{8B9A8154-A426-4B55-8F63-302C69662490}.Test|Any CPU.Build.0 = Test|Any CPU
		{0AC90EDD-AD20-4FA8-A187-06C23BE9A455}.Debug|Any CPU.ActiveCfg = Debug|Any CPU
		{0AC90EDD-AD20-4FA8-A187-06C23BE9A455}.Debug|Any CPU.Build.0 = Debug|Any CPU
		{0AC90EDD-AD20-4FA8-A187-06C23BE9A455}.Deploy|Any CPU.ActiveCfg = Deploy|Any CPU
		{0AC90EDD-AD20-4FA8-A187-06C23BE9A455}.Release|Any CPU.ActiveCfg = Release|Any CPU
		{0AC90EDD-AD20-4FA8-A187-06C23BE9A455}.Release|Any CPU.Build.0 = Release|Any CPU
		{0AC90EDD-AD20-4FA8-A187-06C23BE9A455}.Test|Any CPU.ActiveCfg = Test|Any CPU
		{0AC90EDD-AD20-4FA8-A187-06C23BE9A455}.Test|Any CPU.Build.0 = Test|Any CPU
		{0FA0053B-AB53-40DF-A060-6DCC22568A23}.Debug|Any CPU.ActiveCfg = Test|Any CPU
		{0FA0053B-AB53-40DF-A060-6DCC22568A23}.Debug|Any CPU.Build.0 = Test|Any CPU
		{0FA0053B-AB53-40DF-A060-6DCC22568A23}.Deploy|Any CPU.ActiveCfg = Deploy|Any CPU
		{0FA0053B-AB53-40DF-A060-6DCC22568A23}.Deploy|Any CPU.Build.0 = Deploy|Any CPU
		{0FA0053B-AB53-40DF-A060-6DCC22568A23}.Release|Any CPU.ActiveCfg = Release|Any CPU
		{0FA0053B-AB53-40DF-A060-6DCC22568A23}.Release|Any CPU.Build.0 = Release|Any CPU
		{0FA0053B-AB53-40DF-A060-6DCC22568A23}.Test|Any CPU.ActiveCfg = Test|Any CPU
		{0FA0053B-AB53-40DF-A060-6DCC22568A23}.Test|Any CPU.Build.0 = Test|Any CPU
		{7520E391-50B3-4938-9141-0EC491693968}.Debug|Any CPU.ActiveCfg = Test|Any CPU
		{7520E391-50B3-4938-9141-0EC491693968}.Deploy|Any CPU.ActiveCfg = Deploy|Any CPU
		{7520E391-50B3-4938-9141-0EC491693968}.Release|Any CPU.ActiveCfg = Release|Any CPU
		{7520E391-50B3-4938-9141-0EC491693968}.Release|Any CPU.Build.0 = Release|Any CPU
		{7520E391-50B3-4938-9141-0EC491693968}.Test|Any CPU.ActiveCfg = Test|Any CPU
		{7520E391-50B3-4938-9141-0EC491693968}.Test|Any CPU.Build.0 = Test|Any CPU
		{0BEB30C9-243B-4192-8633-423B9322C587}.Debug|Any CPU.ActiveCfg = Debug|Any CPU
		{0BEB30C9-243B-4192-8633-423B9322C587}.Debug|Any CPU.Build.0 = Debug|Any CPU
		{0BEB30C9-243B-4192-8633-423B9322C587}.Deploy|Any CPU.ActiveCfg = Deploy|Any CPU
		{0BEB30C9-243B-4192-8633-423B9322C587}.Deploy|Any CPU.Build.0 = Deploy|Any CPU
		{0BEB30C9-243B-4192-8633-423B9322C587}.Release|Any CPU.ActiveCfg = Release|Any CPU
		{0BEB30C9-243B-4192-8633-423B9322C587}.Release|Any CPU.Build.0 = Release|Any CPU
		{0BEB30C9-243B-4192-8633-423B9322C587}.Test|Any CPU.ActiveCfg = Test|Any CPU
		{0BEB30C9-243B-4192-8633-423B9322C587}.Test|Any CPU.Build.0 = Test|Any CPU
		{79C0C9ED-D22C-4855-97C1-F6BD0127A531}.Debug|Any CPU.ActiveCfg = Debug|Any CPU
		{79C0C9ED-D22C-4855-97C1-F6BD0127A531}.Debug|Any CPU.Build.0 = Debug|Any CPU
		{79C0C9ED-D22C-4855-97C1-F6BD0127A531}.Deploy|Any CPU.ActiveCfg = Debug|Any CPU
		{79C0C9ED-D22C-4855-97C1-F6BD0127A531}.Deploy|Any CPU.Build.0 = Debug|Any CPU
		{79C0C9ED-D22C-4855-97C1-F6BD0127A531}.Release|Any CPU.ActiveCfg = Release|Any CPU
		{79C0C9ED-D22C-4855-97C1-F6BD0127A531}.Release|Any CPU.Build.0 = Release|Any CPU
		{79C0C9ED-D22C-4855-97C1-F6BD0127A531}.Test|Any CPU.ActiveCfg = Release|Any CPU
		{79C0C9ED-D22C-4855-97C1-F6BD0127A531}.Test|Any CPU.Build.0 = Release|Any CPU
		{0B546762-C8C0-45C6-BC42-C5D91D510351}.Debug|Any CPU.ActiveCfg = Debug|Any CPU
		{0B546762-C8C0-45C6-BC42-C5D91D510351}.Debug|Any CPU.Build.0 = Debug|Any CPU
		{0B546762-C8C0-45C6-BC42-C5D91D510351}.Deploy|Any CPU.ActiveCfg = Debug|Any CPU
		{0B546762-C8C0-45C6-BC42-C5D91D510351}.Deploy|Any CPU.Build.0 = Debug|Any CPU
		{0B546762-C8C0-45C6-BC42-C5D91D510351}.Release|Any CPU.ActiveCfg = Release|Any CPU
		{0B546762-C8C0-45C6-BC42-C5D91D510351}.Release|Any CPU.Build.0 = Release|Any CPU
		{0B546762-C8C0-45C6-BC42-C5D91D510351}.Test|Any CPU.ActiveCfg = Release|Any CPU
		{0B546762-C8C0-45C6-BC42-C5D91D510351}.Test|Any CPU.Build.0 = Release|Any CPU
		{CD851C2D-8B24-4D72-B2A1-149F7D27C2F1}.Debug|Any CPU.ActiveCfg = Debug|Any CPU
		{CD851C2D-8B24-4D72-B2A1-149F7D27C2F1}.Debug|Any CPU.Build.0 = Debug|Any CPU
		{CD851C2D-8B24-4D72-B2A1-149F7D27C2F1}.Deploy|Any CPU.ActiveCfg = Debug|Any CPU
		{CD851C2D-8B24-4D72-B2A1-149F7D27C2F1}.Deploy|Any CPU.Build.0 = Debug|Any CPU
		{CD851C2D-8B24-4D72-B2A1-149F7D27C2F1}.Release|Any CPU.ActiveCfg = Release|Any CPU
		{CD851C2D-8B24-4D72-B2A1-149F7D27C2F1}.Release|Any CPU.Build.0 = Release|Any CPU
		{CD851C2D-8B24-4D72-B2A1-149F7D27C2F1}.Test|Any CPU.ActiveCfg = Release|Any CPU
		{CD851C2D-8B24-4D72-B2A1-149F7D27C2F1}.Test|Any CPU.Build.0 = Release|Any CPU
		{FFE2F6D9-8421-4DFA-878A-BFFBA513CC6F}.Debug|Any CPU.ActiveCfg = Debug|Any CPU
		{FFE2F6D9-8421-4DFA-878A-BFFBA513CC6F}.Debug|Any CPU.Build.0 = Debug|Any CPU
		{FFE2F6D9-8421-4DFA-878A-BFFBA513CC6F}.Deploy|Any CPU.ActiveCfg = Debug|Any CPU
		{FFE2F6D9-8421-4DFA-878A-BFFBA513CC6F}.Deploy|Any CPU.Build.0 = Debug|Any CPU
		{FFE2F6D9-8421-4DFA-878A-BFFBA513CC6F}.Release|Any CPU.ActiveCfg = Release|Any CPU
		{FFE2F6D9-8421-4DFA-878A-BFFBA513CC6F}.Release|Any CPU.Build.0 = Release|Any CPU
		{FFE2F6D9-8421-4DFA-878A-BFFBA513CC6F}.Test|Any CPU.ActiveCfg = Release|Any CPU
		{FFE2F6D9-8421-4DFA-878A-BFFBA513CC6F}.Test|Any CPU.Build.0 = Release|Any CPU
		{5D370118-2F96-49B6-B49A-62B6D2B46633}.Debug|Any CPU.ActiveCfg = Debug|Any CPU
		{5D370118-2F96-49B6-B49A-62B6D2B46633}.Debug|Any CPU.Build.0 = Debug|Any CPU
		{5D370118-2F96-49B6-B49A-62B6D2B46633}.Deploy|Any CPU.ActiveCfg = Debug|Any CPU
		{5D370118-2F96-49B6-B49A-62B6D2B46633}.Deploy|Any CPU.Build.0 = Debug|Any CPU
		{5D370118-2F96-49B6-B49A-62B6D2B46633}.Release|Any CPU.ActiveCfg = Release|Any CPU
		{5D370118-2F96-49B6-B49A-62B6D2B46633}.Release|Any CPU.Build.0 = Release|Any CPU
		{5D370118-2F96-49B6-B49A-62B6D2B46633}.Test|Any CPU.ActiveCfg = Release|Any CPU
		{5D370118-2F96-49B6-B49A-62B6D2B46633}.Test|Any CPU.Build.0 = Release|Any CPU
		{BF2D610C-BD8F-4C1C-A23D-6B213E6699F3}.Debug|Any CPU.ActiveCfg = Debug|Any CPU
		{BF2D610C-BD8F-4C1C-A23D-6B213E6699F3}.Debug|Any CPU.Build.0 = Debug|Any CPU
		{BF2D610C-BD8F-4C1C-A23D-6B213E6699F3}.Deploy|Any CPU.ActiveCfg = Debug|Any CPU
		{BF2D610C-BD8F-4C1C-A23D-6B213E6699F3}.Deploy|Any CPU.Build.0 = Debug|Any CPU
		{BF2D610C-BD8F-4C1C-A23D-6B213E6699F3}.Release|Any CPU.ActiveCfg = Release|Any CPU
		{BF2D610C-BD8F-4C1C-A23D-6B213E6699F3}.Release|Any CPU.Build.0 = Release|Any CPU
		{BF2D610C-BD8F-4C1C-A23D-6B213E6699F3}.Test|Any CPU.ActiveCfg = Release|Any CPU
		{BF2D610C-BD8F-4C1C-A23D-6B213E6699F3}.Test|Any CPU.Build.0 = Release|Any CPU
	EndGlobalSection
	GlobalSection(SolutionProperties) = preSolution
		HideSolutionNode = FALSE
	EndGlobalSection
	GlobalSection(NestedProjects) = preSolution
		{5030F9B8-D21E-456D-8A92-F92567D11104} = {DEECC213-180D-4C4E-A44B-5785F1C0FB73}
		{8A5E73F6-2093-4669-9C09-BEAB033BE56C} = {DEECC213-180D-4C4E-A44B-5785F1C0FB73}
		{DDF44401-F193-46B8-BA6C-A3DE88BAED46} = {DEECC213-180D-4C4E-A44B-5785F1C0FB73}
		{7B0C3D12-296A-438D-B0EA-B049A0D6D3C1} = {DEECC213-180D-4C4E-A44B-5785F1C0FB73}
		{08ADAF10-E655-4560-BF9C-9287E60247B5} = {DEECC213-180D-4C4E-A44B-5785F1C0FB73}
		{E4E1ED5C-4D75-47C7-A0A4-F57F65C252B4} = {07B00FDB-0426-4FAA-8C5E-DACDF7D03EDC}
		{BD5831E5-EF85-4EA5-A63B-6AD7F8C1CA28} = {07B00FDB-0426-4FAA-8C5E-DACDF7D03EDC}
		{8B9A8154-A426-4B55-8F63-302C69662490} = {07B00FDB-0426-4FAA-8C5E-DACDF7D03EDC}
		{0AC90EDD-AD20-4FA8-A187-06C23BE9A455} = {07B00FDB-0426-4FAA-8C5E-DACDF7D03EDC}
		{7520E391-50B3-4938-9141-0EC491693968} = {DEECC213-180D-4C4E-A44B-5785F1C0FB73}
		{79C0C9ED-D22C-4855-97C1-F6BD0127A531} = {0205ECAD-AF6C-4517-BEF0-4EE1A331CFC6}
		{CD851C2D-8B24-4D72-B2A1-149F7D27C2F1} = {F576F2DD-FB2C-469B-B769-8D622225430D}
		{FFE2F6D9-8421-4DFA-878A-BFFBA513CC6F} = {07B00FDB-0426-4FAA-8C5E-DACDF7D03EDC}
		{5D370118-2F96-49B6-B49A-62B6D2B46633} = {DEECC213-180D-4C4E-A44B-5785F1C0FB73}
		{BF2D610C-BD8F-4C1C-A23D-6B213E6699F3} = {DEECC213-180D-4C4E-A44B-5785F1C0FB73}
	EndGlobalSection
EndGlobal
