
Microsoft Visual Studio Solution File, Format Version 12.00
# Visual Studio 15
VisualStudioVersion = 15.0.27130.2036
MinimumVisualStudioVersion = 10.0.40219.1
Project("{2150E333-8FDC-42A3-9474-1A3956D46DE8}") = "Unit Tests", "Unit Tests", "{DEECC213-180D-4C4E-A44B-5785F1C0FB73}"
EndProject
Project("{2150E333-8FDC-42A3-9474-1A3956D46DE8}") = "Integration Test", "Integration Test", "{07B00FDB-0426-4FAA-8C5E-DACDF7D03EDC}"
EndProject
Project("{FAE04EC0-301F-11D3-BF4B-00C04F79EFBC}") = "BridgeVs.DynamicVisualizer.V11", "DynamicVisualizer.V11\BridgeVs.DynamicVisualizer.V11.csproj", "{C6798D16-89F5-4BFF-8B62-2BE6D4BBC192}"
EndProject
Project("{FAE04EC0-301F-11D3-BF4B-00C04F79EFBC}") = "BridgeVs.Build", "Build\BridgeVs.Build.csproj", "{276F3935-E0CA-450F-A55F-AED56DC2024E}"
EndProject
Project("{FAE04EC0-301F-11D3-BF4B-00C04F79EFBC}") = "BridgeVs.Build.UnitTest", "..\Test\LINQBridgeVs.Test\BuildTasks.Test\BridgeVs.Build.UnitTest.csproj", "{5030F9B8-D21E-456D-8A92-F92567D11104}"
EndProject
Project("{FAE04EC0-301F-11D3-BF4B-00C04F79EFBC}") = "Model.UnitTest", "..\Test\LINQBridgeVs.Test\Model.Test\Model.UnitTest.csproj", "{8A5E73F6-2093-4669-9C09-BEAB033BE56C}"
EndProject
Project("{FAE04EC0-301F-11D3-BF4B-00C04F79EFBC}") = "BridgeVs.Extension", "VsExtension\BridgeVs.Extension.csproj", "{1B82F962-5D04-42B6-8D18-7AA8E8FB615F}"
EndProject
Project("{FAE04EC0-301F-11D3-BF4B-00C04F79EFBC}") = "BridgeVs.DynamicCore.UnitTest", "..\Test\LINQBridgeVs.Test\DynamicCore.Test\BridgeVs.DynamicCore.UnitTest.csproj", "{DDF44401-F193-46B8-BA6C-A3DE88BAED46}"
EndProject
Project("{FAE04EC0-301F-11D3-BF4B-00C04F79EFBC}") = "AnotherModel.UnitTest", "..\Test\LINQBridgeVs.Test\AnotherModel.Test\AnotherModel.UnitTest.csproj", "{7B0C3D12-296A-438D-B0EA-B049A0D6D3C1}"
EndProject
Project("{FAE04EC0-301F-11D3-BF4B-00C04F79EFBC}") = "BridgeVs.DynamicCore", "DynamicCore\BridgeVs.DynamicCore.csproj", "{B84FBD50-0B10-4C25-8430-680FC6FC3FEA}"
EndProject
Project("{FAE04EC0-301F-11D3-BF4B-00C04F79EFBC}") = "BridgeVs.DynamicVisualizer.V12", "DynamicVisualizer.V12\BridgeVs.DynamicVisualizer.V12.csproj", "{835064F0-3C4F-4646-B17A-632C192CCE3B}"
EndProject
Project("{FAE04EC0-301F-11D3-BF4B-00C04F79EFBC}") = "DynamicVisualizer.V12.IntegrationTest", "..\Test\LINQBridgeVs.Test\DynamicVisualizer.V12.IntegrationTest\DynamicVisualizer.V12.IntegrationTest.csproj", "{E4E1ED5C-4D75-47C7-A0A4-F57F65C252B4}"
EndProject
Project("{FAE04EC0-301F-11D3-BF4B-00C04F79EFBC}") = "DynamicVisualizer.V11.IntegrationTest", "..\Test\LINQBridgeVs.Test\DynamicVisualizer.V11.IntegrationTest\DynamicVisualizer.V11.IntegrationTest.csproj", "{8B9A8154-A426-4B55-8F63-302C69662490}"
EndProject
Project("{FAE04EC0-301F-11D3-BF4B-00C04F79EFBC}") = "LINQBridgeVsExtension.IntegrationTest", "..\Test\LINQBridgeVs.Test\LINQBridgeVsExtension.UnitTests\LINQBridgeVsExtension.IntegrationTest.csproj", "{0AC90EDD-AD20-4FA8-A187-06C23BE9A455}"
EndProject
Project("{FAE04EC0-301F-11D3-BF4B-00C04F79EFBC}") = "BridgeVs.Extension.Helper", "VsExtension.Helper\BridgeVs.Extension.Helper.csproj", "{0FA0053B-AB53-40DF-A060-6DCC22568A23}"
EndProject
Project("{FAE04EC0-301F-11D3-BF4B-00C04F79EFBC}") = "BridgeVs.Extension.Helper.UnitTest", "..\Test\LINQBridgeVs.Test\LINQBridgeVs.Helper.UnitTest\BridgeVs.Extension.Helper.UnitTest.csproj", "{7520E391-50B3-4938-9141-0EC491693968}"
EndProject
Project("{FAE04EC0-301F-11D3-BF4B-00C04F79EFBC}") = "BridgeVs.DynamicVisualizer.V14", "DynamicVisualizer.V14\BridgeVs.DynamicVisualizer.V14.csproj", "{0BEB30C9-243B-4192-8633-423B9322C587}"
EndProject
Project("{FAE04EC0-301F-11D3-BF4B-00C04F79EFBC}") = "BridgeVs.Grapple", "Grapple\BridgeVs.Grapple.csproj", "{79C0C9ED-D22C-4855-97C1-F6BD0127A531}"
EndProject
Project("{FAE04EC0-301F-11D3-BF4B-00C04F79EFBC}") = "BridgeVs.Logging", "Logging\BridgeVs.Logging.csproj", "{0B546762-C8C0-45C6-BC42-C5D91D510351}"
EndProject
Project("{FAE04EC0-301F-11D3-BF4B-00C04F79EFBC}") = "BridgeVs.SInject", "SInject\BridgeVs.SInject.csproj", "{CD851C2D-8B24-4D72-B2A1-149F7D27C2F1}"
EndProject
Project("{FAE04EC0-301F-11D3-BF4B-00C04F79EFBC}") = "SInject.Console", "..\Test\SInject.Console\SInject.Console.csproj", "{FFE2F6D9-8421-4DFA-878A-BFFBA513CC6F}"
EndProject
Project("{FAE04EC0-301F-11D3-BF4B-00C04F79EFBC}") = "BridgeVs.SInject.UnitTest", "..\Test\SInject.Test\BridgeVs.SInject.UnitTest.csproj", "{5D370118-2F96-49B6-B49A-62B6D2B46633}"
EndProject
Project("{FAE04EC0-301F-11D3-BF4B-00C04F79EFBC}") = "BridgeVs.SInject.UnitTest.Model", "..\Test\SInject.Test.Model\BridgeVs.SInject.UnitTest.Model.csproj", "{BF2D610C-BD8F-4C1C-A23D-6B213E6699F3}"
EndProject
Project("{FAE04EC0-301F-11D3-BF4B-00C04F79EFBC}") = "DynamicVisualizer.V14.IntegrationTest", "..\Test\LINQBridgeVs.Test\DynamicVisualizer.V14.IntegrationTest\DynamicVisualizer.V14.IntegrationTest.csproj", "{F3E217BC-EDD0-4354-AC29-C7525D5019E4}"
EndProject
Project("{FAE04EC0-301F-11D3-BF4B-00C04F79EFBC}") = "BridgeVs.DynamicVisualizer.V15", "DynamicVisualizer.V15\BridgeVs.DynamicVisualizer.V15.csproj", "{6278C369-9593-4E93-A725-010717E7FC10}"
EndProject
Project("{FAE04EC0-301F-11D3-BF4B-00C04F79EFBC}") = "DynamicVisualizer.V15.IntegrationTest", "..\Test\LINQBridgeVs.Test\DynamicVisualizer.V15.IntegrationTest\DynamicVisualizer.V15.IntegrationTest.csproj", "{4F104507-DC9D-41F2-AFA4-3262C31007BE}"
EndProject
Project("{2150E333-8FDC-42A3-9474-1A3956D46DE8}") = "Tests", "Tests", "{EA910CEE-7C65-4583-8023-3447FED3E854}"
EndProject
Project("{2150E333-8FDC-42A3-9474-1A3956D46DE8}") = "VsExtension", "VsExtension", "{D80D7CE8-68F4-4C7A-85C8-91179E86FA66}"
EndProject
Project("{2150E333-8FDC-42A3-9474-1A3956D46DE8}") = "Dynamic Visualizers", "Dynamic Visualizers", "{444AAEB8-BD13-4C6D-A906-984CAA695393}"
EndProject
Project("{FAE04EC0-301F-11D3-BF4B-00C04F79EFBC}") = "BridgeVs.Locations", "BridgeVs.Locations\BridgeVs.Locations.csproj", "{BC10F93A-5DA2-44F8-AE5E-5603CB46B548}"
EndProject
Global
	GlobalSection(SolutionConfigurationPlatforms) = preSolution
		Debug|Any CPU = Debug|Any CPU
		Deploy|Any CPU = Deploy|Any CPU
		Deploys|Any CPU = Deploys|Any CPU
		Release|Any CPU = Release|Any CPU
		Test|Any CPU = Test|Any CPU
	EndGlobalSection
	GlobalSection(ProjectConfigurationPlatforms) = postSolution
		{C6798D16-89F5-4BFF-8B62-2BE6D4BBC192}.Debug|Any CPU.ActiveCfg = Debug|Any CPU
		{C6798D16-89F5-4BFF-8B62-2BE6D4BBC192}.Debug|Any CPU.Build.0 = Debug|Any CPU
		{C6798D16-89F5-4BFF-8B62-2BE6D4BBC192}.Deploy|Any CPU.ActiveCfg = Deploy|Any CPU
		{C6798D16-89F5-4BFF-8B62-2BE6D4BBC192}.Deploy|Any CPU.Build.0 = Deploy|Any CPU
		{C6798D16-89F5-4BFF-8B62-2BE6D4BBC192}.Deploys|Any CPU.ActiveCfg = Deploy|Any CPU
		{C6798D16-89F5-4BFF-8B62-2BE6D4BBC192}.Deploys|Any CPU.Build.0 = Deploy|Any CPU
		{C6798D16-89F5-4BFF-8B62-2BE6D4BBC192}.Release|Any CPU.ActiveCfg = Test|Any CPU
		{C6798D16-89F5-4BFF-8B62-2BE6D4BBC192}.Release|Any CPU.Build.0 = Test|Any CPU
		{C6798D16-89F5-4BFF-8B62-2BE6D4BBC192}.Test|Any CPU.ActiveCfg = Test|Any CPU
		{C6798D16-89F5-4BFF-8B62-2BE6D4BBC192}.Test|Any CPU.Build.0 = Test|Any CPU
		{276F3935-E0CA-450F-A55F-AED56DC2024E}.Debug|Any CPU.ActiveCfg = Debug|Any CPU
		{276F3935-E0CA-450F-A55F-AED56DC2024E}.Debug|Any CPU.Build.0 = Debug|Any CPU
		{276F3935-E0CA-450F-A55F-AED56DC2024E}.Deploy|Any CPU.ActiveCfg = Deploy|Any CPU
		{276F3935-E0CA-450F-A55F-AED56DC2024E}.Deploy|Any CPU.Build.0 = Deploy|Any CPU
		{276F3935-E0CA-450F-A55F-AED56DC2024E}.Deploys|Any CPU.ActiveCfg = Deploy|Any CPU
		{276F3935-E0CA-450F-A55F-AED56DC2024E}.Deploys|Any CPU.Build.0 = Deploy|Any CPU
		{276F3935-E0CA-450F-A55F-AED56DC2024E}.Release|Any CPU.ActiveCfg = Release|Any CPU
		{276F3935-E0CA-450F-A55F-AED56DC2024E}.Release|Any CPU.Build.0 = Release|Any CPU
		{276F3935-E0CA-450F-A55F-AED56DC2024E}.Test|Any CPU.ActiveCfg = Test|Any CPU
		{276F3935-E0CA-450F-A55F-AED56DC2024E}.Test|Any CPU.Build.0 = Test|Any CPU
		{5030F9B8-D21E-456D-8A92-F92567D11104}.Debug|Any CPU.ActiveCfg = Test|Any CPU
		{5030F9B8-D21E-456D-8A92-F92567D11104}.Deploy|Any CPU.ActiveCfg = Deploy|Any CPU
		{5030F9B8-D21E-456D-8A92-F92567D11104}.Deploys|Any CPU.ActiveCfg = Deploy|Any CPU
		{5030F9B8-D21E-456D-8A92-F92567D11104}.Deploys|Any CPU.Build.0 = Deploy|Any CPU
		{5030F9B8-D21E-456D-8A92-F92567D11104}.Release|Any CPU.ActiveCfg = Release|Any CPU
		{5030F9B8-D21E-456D-8A92-F92567D11104}.Release|Any CPU.Build.0 = Release|Any CPU
		{5030F9B8-D21E-456D-8A92-F92567D11104}.Test|Any CPU.ActiveCfg = Test|Any CPU
		{5030F9B8-D21E-456D-8A92-F92567D11104}.Test|Any CPU.Build.0 = Test|Any CPU
		{8A5E73F6-2093-4669-9C09-BEAB033BE56C}.Debug|Any CPU.ActiveCfg = Debug|Any CPU
		{8A5E73F6-2093-4669-9C09-BEAB033BE56C}.Deploy|Any CPU.ActiveCfg = Deploy|Any CPU
		{8A5E73F6-2093-4669-9C09-BEAB033BE56C}.Deploys|Any CPU.ActiveCfg = Deploy|Any CPU
		{8A5E73F6-2093-4669-9C09-BEAB033BE56C}.Deploys|Any CPU.Build.0 = Deploy|Any CPU
		{8A5E73F6-2093-4669-9C09-BEAB033BE56C}.Release|Any CPU.ActiveCfg = Release|Any CPU
		{8A5E73F6-2093-4669-9C09-BEAB033BE56C}.Release|Any CPU.Build.0 = Release|Any CPU
		{8A5E73F6-2093-4669-9C09-BEAB033BE56C}.Test|Any CPU.ActiveCfg = Test|Any CPU
		{8A5E73F6-2093-4669-9C09-BEAB033BE56C}.Test|Any CPU.Build.0 = Test|Any CPU
		{1B82F962-5D04-42B6-8D18-7AA8E8FB615F}.Debug|Any CPU.ActiveCfg = Debug|Any CPU
		{1B82F962-5D04-42B6-8D18-7AA8E8FB615F}.Debug|Any CPU.Build.0 = Debug|Any CPU
		{1B82F962-5D04-42B6-8D18-7AA8E8FB615F}.Deploy|Any CPU.ActiveCfg = Deploy|Any CPU
		{1B82F962-5D04-42B6-8D18-7AA8E8FB615F}.Deploy|Any CPU.Build.0 = Deploy|Any CPU
		{1B82F962-5D04-42B6-8D18-7AA8E8FB615F}.Deploys|Any CPU.ActiveCfg = Deploy|Any CPU
		{1B82F962-5D04-42B6-8D18-7AA8E8FB615F}.Deploys|Any CPU.Build.0 = Deploy|Any CPU
		{1B82F962-5D04-42B6-8D18-7AA8E8FB615F}.Release|Any CPU.ActiveCfg = Release|Any CPU
		{1B82F962-5D04-42B6-8D18-7AA8E8FB615F}.Release|Any CPU.Build.0 = Release|Any CPU
		{1B82F962-5D04-42B6-8D18-7AA8E8FB615F}.Test|Any CPU.ActiveCfg = Test|Any CPU
		{1B82F962-5D04-42B6-8D18-7AA8E8FB615F}.Test|Any CPU.Build.0 = Test|Any CPU
		{DDF44401-F193-46B8-BA6C-A3DE88BAED46}.Debug|Any CPU.ActiveCfg = Test|Any CPU
		{DDF44401-F193-46B8-BA6C-A3DE88BAED46}.Deploy|Any CPU.ActiveCfg = Deploy|Any CPU
		{DDF44401-F193-46B8-BA6C-A3DE88BAED46}.Deploys|Any CPU.ActiveCfg = Deploy|Any CPU
		{DDF44401-F193-46B8-BA6C-A3DE88BAED46}.Deploys|Any CPU.Build.0 = Deploy|Any CPU
		{DDF44401-F193-46B8-BA6C-A3DE88BAED46}.Release|Any CPU.ActiveCfg = Release|Any CPU
		{DDF44401-F193-46B8-BA6C-A3DE88BAED46}.Release|Any CPU.Build.0 = Release|Any CPU
		{DDF44401-F193-46B8-BA6C-A3DE88BAED46}.Test|Any CPU.ActiveCfg = Test|Any CPU
		{DDF44401-F193-46B8-BA6C-A3DE88BAED46}.Test|Any CPU.Build.0 = Test|Any CPU
		{7B0C3D12-296A-438D-B0EA-B049A0D6D3C1}.Debug|Any CPU.ActiveCfg = Test|Any CPU
		{7B0C3D12-296A-438D-B0EA-B049A0D6D3C1}.Debug|Any CPU.Deploy.0 = Test|Any CPU
		{7B0C3D12-296A-438D-B0EA-B049A0D6D3C1}.Deploy|Any CPU.ActiveCfg = Deploy|Any CPU
		{7B0C3D12-296A-438D-B0EA-B049A0D6D3C1}.Deploys|Any CPU.ActiveCfg = Deploy|Any CPU
		{7B0C3D12-296A-438D-B0EA-B049A0D6D3C1}.Deploys|Any CPU.Build.0 = Deploy|Any CPU
		{7B0C3D12-296A-438D-B0EA-B049A0D6D3C1}.Release|Any CPU.ActiveCfg = Release|Any CPU
		{7B0C3D12-296A-438D-B0EA-B049A0D6D3C1}.Release|Any CPU.Build.0 = Release|Any CPU
		{7B0C3D12-296A-438D-B0EA-B049A0D6D3C1}.Test|Any CPU.ActiveCfg = Test|Any CPU
		{7B0C3D12-296A-438D-B0EA-B049A0D6D3C1}.Test|Any CPU.Build.0 = Test|Any CPU
		{B84FBD50-0B10-4C25-8430-680FC6FC3FEA}.Debug|Any CPU.ActiveCfg = Debug|Any CPU
		{B84FBD50-0B10-4C25-8430-680FC6FC3FEA}.Debug|Any CPU.Build.0 = Debug|Any CPU
		{B84FBD50-0B10-4C25-8430-680FC6FC3FEA}.Deploy|Any CPU.ActiveCfg = Deploy|Any CPU
		{B84FBD50-0B10-4C25-8430-680FC6FC3FEA}.Deploy|Any CPU.Build.0 = Deploy|Any CPU
		{B84FBD50-0B10-4C25-8430-680FC6FC3FEA}.Deploys|Any CPU.ActiveCfg = Deploy|Any CPU
		{B84FBD50-0B10-4C25-8430-680FC6FC3FEA}.Deploys|Any CPU.Build.0 = Deploy|Any CPU
		{B84FBD50-0B10-4C25-8430-680FC6FC3FEA}.Release|Any CPU.ActiveCfg = Release|Any CPU
		{B84FBD50-0B10-4C25-8430-680FC6FC3FEA}.Release|Any CPU.Build.0 = Release|Any CPU
		{B84FBD50-0B10-4C25-8430-680FC6FC3FEA}.Test|Any CPU.ActiveCfg = Test|Any CPU
		{B84FBD50-0B10-4C25-8430-680FC6FC3FEA}.Test|Any CPU.Build.0 = Test|Any CPU
		{835064F0-3C4F-4646-B17A-632C192CCE3B}.Debug|Any CPU.ActiveCfg = Debug|Any CPU
		{835064F0-3C4F-4646-B17A-632C192CCE3B}.Debug|Any CPU.Build.0 = Debug|Any CPU
		{835064F0-3C4F-4646-B17A-632C192CCE3B}.Deploy|Any CPU.ActiveCfg = Deploy|Any CPU
		{835064F0-3C4F-4646-B17A-632C192CCE3B}.Deploy|Any CPU.Build.0 = Deploy|Any CPU
		{835064F0-3C4F-4646-B17A-632C192CCE3B}.Deploys|Any CPU.ActiveCfg = Deploy|Any CPU
		{835064F0-3C4F-4646-B17A-632C192CCE3B}.Deploys|Any CPU.Build.0 = Deploy|Any CPU
		{835064F0-3C4F-4646-B17A-632C192CCE3B}.Release|Any CPU.ActiveCfg = Test|Any CPU
		{835064F0-3C4F-4646-B17A-632C192CCE3B}.Release|Any CPU.Build.0 = Test|Any CPU
		{835064F0-3C4F-4646-B17A-632C192CCE3B}.Test|Any CPU.ActiveCfg = Test|Any CPU
		{835064F0-3C4F-4646-B17A-632C192CCE3B}.Test|Any CPU.Build.0 = Test|Any CPU
		{E4E1ED5C-4D75-47C7-A0A4-F57F65C252B4}.Debug|Any CPU.ActiveCfg = Test|Any CPU
		{E4E1ED5C-4D75-47C7-A0A4-F57F65C252B4}.Deploy|Any CPU.ActiveCfg = Deploy|Any CPU
		{E4E1ED5C-4D75-47C7-A0A4-F57F65C252B4}.Deploys|Any CPU.ActiveCfg = Deploy|Any CPU
		{E4E1ED5C-4D75-47C7-A0A4-F57F65C252B4}.Deploys|Any CPU.Build.0 = Deploy|Any CPU
		{E4E1ED5C-4D75-47C7-A0A4-F57F65C252B4}.Release|Any CPU.ActiveCfg = Release|Any CPU
		{E4E1ED5C-4D75-47C7-A0A4-F57F65C252B4}.Release|Any CPU.Build.0 = Release|Any CPU
		{E4E1ED5C-4D75-47C7-A0A4-F57F65C252B4}.Test|Any CPU.ActiveCfg = Test|Any CPU
		{E4E1ED5C-4D75-47C7-A0A4-F57F65C252B4}.Test|Any CPU.Build.0 = Test|Any CPU
		{8B9A8154-A426-4B55-8F63-302C69662490}.Debug|Any CPU.ActiveCfg = Test|Any CPU
		{8B9A8154-A426-4B55-8F63-302C69662490}.Deploy|Any CPU.ActiveCfg = Deploy|Any CPU
		{8B9A8154-A426-4B55-8F63-302C69662490}.Deploys|Any CPU.ActiveCfg = Deploy|Any CPU
		{8B9A8154-A426-4B55-8F63-302C69662490}.Deploys|Any CPU.Build.0 = Deploy|Any CPU
		{8B9A8154-A426-4B55-8F63-302C69662490}.Release|Any CPU.ActiveCfg = Release|Any CPU
		{8B9A8154-A426-4B55-8F63-302C69662490}.Release|Any CPU.Build.0 = Release|Any CPU
		{8B9A8154-A426-4B55-8F63-302C69662490}.Test|Any CPU.ActiveCfg = Test|Any CPU
		{8B9A8154-A426-4B55-8F63-302C69662490}.Test|Any CPU.Build.0 = Test|Any CPU
		{0AC90EDD-AD20-4FA8-A187-06C23BE9A455}.Debug|Any CPU.ActiveCfg = Test|Any CPU
		{0AC90EDD-AD20-4FA8-A187-06C23BE9A455}.Deploy|Any CPU.ActiveCfg = Deploy|Any CPU
		{0AC90EDD-AD20-4FA8-A187-06C23BE9A455}.Deploys|Any CPU.ActiveCfg = Deploy|Any CPU
		{0AC90EDD-AD20-4FA8-A187-06C23BE9A455}.Deploys|Any CPU.Build.0 = Deploy|Any CPU
		{0AC90EDD-AD20-4FA8-A187-06C23BE9A455}.Release|Any CPU.ActiveCfg = Release|Any CPU
		{0AC90EDD-AD20-4FA8-A187-06C23BE9A455}.Release|Any CPU.Build.0 = Release|Any CPU
		{0AC90EDD-AD20-4FA8-A187-06C23BE9A455}.Test|Any CPU.ActiveCfg = Test|Any CPU
		{0AC90EDD-AD20-4FA8-A187-06C23BE9A455}.Test|Any CPU.Build.0 = Test|Any CPU
		{0FA0053B-AB53-40DF-A060-6DCC22568A23}.Debug|Any CPU.ActiveCfg = Debug|Any CPU
		{0FA0053B-AB53-40DF-A060-6DCC22568A23}.Debug|Any CPU.Build.0 = Debug|Any CPU
		{0FA0053B-AB53-40DF-A060-6DCC22568A23}.Deploy|Any CPU.ActiveCfg = Deploy|Any CPU
		{0FA0053B-AB53-40DF-A060-6DCC22568A23}.Deploy|Any CPU.Build.0 = Deploy|Any CPU
		{0FA0053B-AB53-40DF-A060-6DCC22568A23}.Deploys|Any CPU.ActiveCfg = Deploy|Any CPU
		{0FA0053B-AB53-40DF-A060-6DCC22568A23}.Deploys|Any CPU.Build.0 = Deploy|Any CPU
		{0FA0053B-AB53-40DF-A060-6DCC22568A23}.Release|Any CPU.ActiveCfg = Debug|Any CPU
		{0FA0053B-AB53-40DF-A060-6DCC22568A23}.Release|Any CPU.Build.0 = Debug|Any CPU
		{0FA0053B-AB53-40DF-A060-6DCC22568A23}.Test|Any CPU.ActiveCfg = Test|Any CPU
		{0FA0053B-AB53-40DF-A060-6DCC22568A23}.Test|Any CPU.Build.0 = Test|Any CPU
		{7520E391-50B3-4938-9141-0EC491693968}.Debug|Any CPU.ActiveCfg = Test|Any CPU
		{7520E391-50B3-4938-9141-0EC491693968}.Deploy|Any CPU.ActiveCfg = Deploy|Any CPU
		{7520E391-50B3-4938-9141-0EC491693968}.Deploys|Any CPU.ActiveCfg = Deploy|Any CPU
		{7520E391-50B3-4938-9141-0EC491693968}.Deploys|Any CPU.Build.0 = Deploy|Any CPU
		{7520E391-50B3-4938-9141-0EC491693968}.Release|Any CPU.ActiveCfg = Release|Any CPU
		{7520E391-50B3-4938-9141-0EC491693968}.Release|Any CPU.Build.0 = Release|Any CPU
		{7520E391-50B3-4938-9141-0EC491693968}.Test|Any CPU.ActiveCfg = Test|Any CPU
		{7520E391-50B3-4938-9141-0EC491693968}.Test|Any CPU.Build.0 = Test|Any CPU
		{0BEB30C9-243B-4192-8633-423B9322C587}.Debug|Any CPU.ActiveCfg = Debug|Any CPU
		{0BEB30C9-243B-4192-8633-423B9322C587}.Debug|Any CPU.Build.0 = Debug|Any CPU
		{0BEB30C9-243B-4192-8633-423B9322C587}.Deploy|Any CPU.ActiveCfg = Deploy|Any CPU
		{0BEB30C9-243B-4192-8633-423B9322C587}.Deploy|Any CPU.Build.0 = Deploy|Any CPU
		{0BEB30C9-243B-4192-8633-423B9322C587}.Deploys|Any CPU.ActiveCfg = Deploy|Any CPU
		{0BEB30C9-243B-4192-8633-423B9322C587}.Deploys|Any CPU.Build.0 = Deploy|Any CPU
		{0BEB30C9-243B-4192-8633-423B9322C587}.Release|Any CPU.ActiveCfg = Test|Any CPU
		{0BEB30C9-243B-4192-8633-423B9322C587}.Release|Any CPU.Build.0 = Test|Any CPU
		{0BEB30C9-243B-4192-8633-423B9322C587}.Test|Any CPU.ActiveCfg = Test|Any CPU
		{0BEB30C9-243B-4192-8633-423B9322C587}.Test|Any CPU.Build.0 = Test|Any CPU
		{79C0C9ED-D22C-4855-97C1-F6BD0127A531}.Debug|Any CPU.ActiveCfg = Debug|Any CPU
		{79C0C9ED-D22C-4855-97C1-F6BD0127A531}.Debug|Any CPU.Build.0 = Debug|Any CPU
		{79C0C9ED-D22C-4855-97C1-F6BD0127A531}.Deploy|Any CPU.ActiveCfg = Deploy|Any CPU
		{79C0C9ED-D22C-4855-97C1-F6BD0127A531}.Deploy|Any CPU.Build.0 = Deploy|Any CPU
		{79C0C9ED-D22C-4855-97C1-F6BD0127A531}.Deploys|Any CPU.ActiveCfg = Deploy|Any CPU
		{79C0C9ED-D22C-4855-97C1-F6BD0127A531}.Deploys|Any CPU.Build.0 = Deploy|Any CPU
		{79C0C9ED-D22C-4855-97C1-F6BD0127A531}.Release|Any CPU.ActiveCfg = Release|Any CPU
		{79C0C9ED-D22C-4855-97C1-F6BD0127A531}.Release|Any CPU.Build.0 = Release|Any CPU
		{79C0C9ED-D22C-4855-97C1-F6BD0127A531}.Test|Any CPU.ActiveCfg = Release|Any CPU
		{79C0C9ED-D22C-4855-97C1-F6BD0127A531}.Test|Any CPU.Build.0 = Release|Any CPU
		{0B546762-C8C0-45C6-BC42-C5D91D510351}.Debug|Any CPU.ActiveCfg = Debug|Any CPU
		{0B546762-C8C0-45C6-BC42-C5D91D510351}.Debug|Any CPU.Build.0 = Debug|Any CPU
		{0B546762-C8C0-45C6-BC42-C5D91D510351}.Deploy|Any CPU.ActiveCfg = Deploy|Any CPU
		{0B546762-C8C0-45C6-BC42-C5D91D510351}.Deploy|Any CPU.Build.0 = Deploy|Any CPU
		{0B546762-C8C0-45C6-BC42-C5D91D510351}.Deploys|Any CPU.ActiveCfg = Deploy|Any CPU
		{0B546762-C8C0-45C6-BC42-C5D91D510351}.Deploys|Any CPU.Build.0 = Deploy|Any CPU
		{0B546762-C8C0-45C6-BC42-C5D91D510351}.Release|Any CPU.ActiveCfg = Release|Any CPU
		{0B546762-C8C0-45C6-BC42-C5D91D510351}.Release|Any CPU.Build.0 = Release|Any CPU
		{0B546762-C8C0-45C6-BC42-C5D91D510351}.Test|Any CPU.ActiveCfg = Release|Any CPU
		{0B546762-C8C0-45C6-BC42-C5D91D510351}.Test|Any CPU.Build.0 = Release|Any CPU
		{CD851C2D-8B24-4D72-B2A1-149F7D27C2F1}.Debug|Any CPU.ActiveCfg = Debug|Any CPU
		{CD851C2D-8B24-4D72-B2A1-149F7D27C2F1}.Debug|Any CPU.Build.0 = Debug|Any CPU
		{CD851C2D-8B24-4D72-B2A1-149F7D27C2F1}.Deploy|Any CPU.ActiveCfg = Deploy|Any CPU
		{CD851C2D-8B24-4D72-B2A1-149F7D27C2F1}.Deploy|Any CPU.Build.0 = Deploy|Any CPU
		{CD851C2D-8B24-4D72-B2A1-149F7D27C2F1}.Deploys|Any CPU.ActiveCfg = Deploy|Any CPU
		{CD851C2D-8B24-4D72-B2A1-149F7D27C2F1}.Deploys|Any CPU.Build.0 = Deploy|Any CPU
		{CD851C2D-8B24-4D72-B2A1-149F7D27C2F1}.Release|Any CPU.ActiveCfg = Release|Any CPU
		{CD851C2D-8B24-4D72-B2A1-149F7D27C2F1}.Release|Any CPU.Build.0 = Release|Any CPU
		{CD851C2D-8B24-4D72-B2A1-149F7D27C2F1}.Test|Any CPU.ActiveCfg = Release|Any CPU
		{CD851C2D-8B24-4D72-B2A1-149F7D27C2F1}.Test|Any CPU.Build.0 = Release|Any CPU
		{FFE2F6D9-8421-4DFA-878A-BFFBA513CC6F}.Debug|Any CPU.ActiveCfg = Debug|Any CPU
		{FFE2F6D9-8421-4DFA-878A-BFFBA513CC6F}.Deploy|Any CPU.ActiveCfg = Debug|Any CPU
		{FFE2F6D9-8421-4DFA-878A-BFFBA513CC6F}.Deploys|Any CPU.ActiveCfg = Debug|Any CPU
		{FFE2F6D9-8421-4DFA-878A-BFFBA513CC6F}.Deploys|Any CPU.Build.0 = Debug|Any CPU
		{FFE2F6D9-8421-4DFA-878A-BFFBA513CC6F}.Release|Any CPU.ActiveCfg = Release|Any CPU
		{FFE2F6D9-8421-4DFA-878A-BFFBA513CC6F}.Release|Any CPU.Build.0 = Release|Any CPU
		{FFE2F6D9-8421-4DFA-878A-BFFBA513CC6F}.Test|Any CPU.ActiveCfg = Release|Any CPU
		{FFE2F6D9-8421-4DFA-878A-BFFBA513CC6F}.Test|Any CPU.Build.0 = Release|Any CPU
		{5D370118-2F96-49B6-B49A-62B6D2B46633}.Debug|Any CPU.ActiveCfg = Debug|Any CPU
		{5D370118-2F96-49B6-B49A-62B6D2B46633}.Deploy|Any CPU.ActiveCfg = Debug|Any CPU
		{5D370118-2F96-49B6-B49A-62B6D2B46633}.Deploys|Any CPU.ActiveCfg = Debug|Any CPU
		{5D370118-2F96-49B6-B49A-62B6D2B46633}.Deploys|Any CPU.Build.0 = Debug|Any CPU
		{5D370118-2F96-49B6-B49A-62B6D2B46633}.Release|Any CPU.ActiveCfg = Release|Any CPU
		{5D370118-2F96-49B6-B49A-62B6D2B46633}.Release|Any CPU.Build.0 = Release|Any CPU
		{5D370118-2F96-49B6-B49A-62B6D2B46633}.Test|Any CPU.ActiveCfg = Release|Any CPU
		{5D370118-2F96-49B6-B49A-62B6D2B46633}.Test|Any CPU.Build.0 = Release|Any CPU
		{BF2D610C-BD8F-4C1C-A23D-6B213E6699F3}.Debug|Any CPU.ActiveCfg = Debug|Any CPU
		{BF2D610C-BD8F-4C1C-A23D-6B213E6699F3}.Deploy|Any CPU.ActiveCfg = Debug|Any CPU
		{BF2D610C-BD8F-4C1C-A23D-6B213E6699F3}.Deploys|Any CPU.ActiveCfg = Debug|Any CPU
		{BF2D610C-BD8F-4C1C-A23D-6B213E6699F3}.Deploys|Any CPU.Build.0 = Debug|Any CPU
		{BF2D610C-BD8F-4C1C-A23D-6B213E6699F3}.Release|Any CPU.ActiveCfg = Release|Any CPU
		{BF2D610C-BD8F-4C1C-A23D-6B213E6699F3}.Release|Any CPU.Build.0 = Release|Any CPU
		{BF2D610C-BD8F-4C1C-A23D-6B213E6699F3}.Test|Any CPU.ActiveCfg = Release|Any CPU
		{BF2D610C-BD8F-4C1C-A23D-6B213E6699F3}.Test|Any CPU.Build.0 = Release|Any CPU
		{F3E217BC-EDD0-4354-AC29-C7525D5019E4}.Debug|Any CPU.ActiveCfg = Test|Any CPU
		{F3E217BC-EDD0-4354-AC29-C7525D5019E4}.Deploy|Any CPU.ActiveCfg = Deploy|Any CPU
		{F3E217BC-EDD0-4354-AC29-C7525D5019E4}.Deploys|Any CPU.ActiveCfg = Deploy|Any CPU
		{F3E217BC-EDD0-4354-AC29-C7525D5019E4}.Deploys|Any CPU.Build.0 = Deploy|Any CPU
		{F3E217BC-EDD0-4354-AC29-C7525D5019E4}.Release|Any CPU.ActiveCfg = Release|Any CPU
		{F3E217BC-EDD0-4354-AC29-C7525D5019E4}.Release|Any CPU.Build.0 = Release|Any CPU
		{F3E217BC-EDD0-4354-AC29-C7525D5019E4}.Test|Any CPU.ActiveCfg = Test|Any CPU
		{F3E217BC-EDD0-4354-AC29-C7525D5019E4}.Test|Any CPU.Build.0 = Test|Any CPU
		{6278C369-9593-4E93-A725-010717E7FC10}.Debug|Any CPU.ActiveCfg = Debug|Any CPU
		{6278C369-9593-4E93-A725-010717E7FC10}.Debug|Any CPU.Build.0 = Debug|Any CPU
		{6278C369-9593-4E93-A725-010717E7FC10}.Deploy|Any CPU.ActiveCfg = Deploy|Any CPU
		{6278C369-9593-4E93-A725-010717E7FC10}.Deploy|Any CPU.Build.0 = Deploy|Any CPU
		{6278C369-9593-4E93-A725-010717E7FC10}.Deploys|Any CPU.ActiveCfg = Deploy|Any CPU
		{6278C369-9593-4E93-A725-010717E7FC10}.Deploys|Any CPU.Build.0 = Deploy|Any CPU
		{6278C369-9593-4E93-A725-010717E7FC10}.Release|Any CPU.ActiveCfg = Test|Any CPU
		{6278C369-9593-4E93-A725-010717E7FC10}.Release|Any CPU.Build.0 = Test|Any CPU
		{6278C369-9593-4E93-A725-010717E7FC10}.Test|Any CPU.ActiveCfg = Test|Any CPU
		{6278C369-9593-4E93-A725-010717E7FC10}.Test|Any CPU.Build.0 = Test|Any CPU
		{4F104507-DC9D-41F2-AFA4-3262C31007BE}.Debug|Any CPU.ActiveCfg = Test|Any CPU
		{4F104507-DC9D-41F2-AFA4-3262C31007BE}.Deploy|Any CPU.ActiveCfg = Deploy|Any CPU
		{4F104507-DC9D-41F2-AFA4-3262C31007BE}.Deploys|Any CPU.ActiveCfg = Deploy|Any CPU
		{4F104507-DC9D-41F2-AFA4-3262C31007BE}.Deploys|Any CPU.Build.0 = Deploy|Any CPU
		{4F104507-DC9D-41F2-AFA4-3262C31007BE}.Release|Any CPU.ActiveCfg = Release|Any CPU
		{4F104507-DC9D-41F2-AFA4-3262C31007BE}.Release|Any CPU.Build.0 = Release|Any CPU
		{4F104507-DC9D-41F2-AFA4-3262C31007BE}.Test|Any CPU.ActiveCfg = Test|Any CPU
		{4F104507-DC9D-41F2-AFA4-3262C31007BE}.Test|Any CPU.Build.0 = Test|Any CPU
		{BC10F93A-5DA2-44F8-AE5E-5603CB46B548}.Debug|Any CPU.ActiveCfg = Debug|Any CPU
		{BC10F93A-5DA2-44F8-AE5E-5603CB46B548}.Debug|Any CPU.Build.0 = Debug|Any CPU
		{BC10F93A-5DA2-44F8-AE5E-5603CB46B548}.Deploy|Any CPU.ActiveCfg = Debug|Any CPU
		{BC10F93A-5DA2-44F8-AE5E-5603CB46B548}.Deploy|Any CPU.Build.0 = Debug|Any CPU
		{BC10F93A-5DA2-44F8-AE5E-5603CB46B548}.Deploys|Any CPU.ActiveCfg = Debug|Any CPU
		{BC10F93A-5DA2-44F8-AE5E-5603CB46B548}.Deploys|Any CPU.Build.0 = Debug|Any CPU
		{BC10F93A-5DA2-44F8-AE5E-5603CB46B548}.Release|Any CPU.ActiveCfg = Release|Any CPU
		{BC10F93A-5DA2-44F8-AE5E-5603CB46B548}.Release|Any CPU.Build.0 = Release|Any CPU
		{BC10F93A-5DA2-44F8-AE5E-5603CB46B548}.Test|Any CPU.ActiveCfg = Release|Any CPU
		{BC10F93A-5DA2-44F8-AE5E-5603CB46B548}.Test|Any CPU.Build.0 = Release|Any CPU
	EndGlobalSection
	GlobalSection(SolutionProperties) = preSolution
		HideSolutionNode = FALSE
	EndGlobalSection
	GlobalSection(NestedProjects) = preSolution
		{DEECC213-180D-4C4E-A44B-5785F1C0FB73} = {EA910CEE-7C65-4583-8023-3447FED3E854}
		{07B00FDB-0426-4FAA-8C5E-DACDF7D03EDC} = {EA910CEE-7C65-4583-8023-3447FED3E854}
		{C6798D16-89F5-4BFF-8B62-2BE6D4BBC192} = {444AAEB8-BD13-4C6D-A906-984CAA695393}
		{5030F9B8-D21E-456D-8A92-F92567D11104} = {DEECC213-180D-4C4E-A44B-5785F1C0FB73}
		{8A5E73F6-2093-4669-9C09-BEAB033BE56C} = {EA910CEE-7C65-4583-8023-3447FED3E854}
		{1B82F962-5D04-42B6-8D18-7AA8E8FB615F} = {D80D7CE8-68F4-4C7A-85C8-91179E86FA66}
		{DDF44401-F193-46B8-BA6C-A3DE88BAED46} = {DEECC213-180D-4C4E-A44B-5785F1C0FB73}
		{7B0C3D12-296A-438D-B0EA-B049A0D6D3C1} = {EA910CEE-7C65-4583-8023-3447FED3E854}
		{B84FBD50-0B10-4C25-8430-680FC6FC3FEA} = {444AAEB8-BD13-4C6D-A906-984CAA695393}
		{835064F0-3C4F-4646-B17A-632C192CCE3B} = {444AAEB8-BD13-4C6D-A906-984CAA695393}
		{E4E1ED5C-4D75-47C7-A0A4-F57F65C252B4} = {07B00FDB-0426-4FAA-8C5E-DACDF7D03EDC}
		{8B9A8154-A426-4B55-8F63-302C69662490} = {07B00FDB-0426-4FAA-8C5E-DACDF7D03EDC}
		{0AC90EDD-AD20-4FA8-A187-06C23BE9A455} = {07B00FDB-0426-4FAA-8C5E-DACDF7D03EDC}
		{0FA0053B-AB53-40DF-A060-6DCC22568A23} = {D80D7CE8-68F4-4C7A-85C8-91179E86FA66}
		{7520E391-50B3-4938-9141-0EC491693968} = {DEECC213-180D-4C4E-A44B-5785F1C0FB73}
		{0BEB30C9-243B-4192-8633-423B9322C587} = {444AAEB8-BD13-4C6D-A906-984CAA695393}
		{FFE2F6D9-8421-4DFA-878A-BFFBA513CC6F} = {07B00FDB-0426-4FAA-8C5E-DACDF7D03EDC}
		{5D370118-2F96-49B6-B49A-62B6D2B46633} = {DEECC213-180D-4C4E-A44B-5785F1C0FB73}
		{BF2D610C-BD8F-4C1C-A23D-6B213E6699F3} = {DEECC213-180D-4C4E-A44B-5785F1C0FB73}
		{F3E217BC-EDD0-4354-AC29-C7525D5019E4} = {07B00FDB-0426-4FAA-8C5E-DACDF7D03EDC}
		{6278C369-9593-4E93-A725-010717E7FC10} = {444AAEB8-BD13-4C6D-A906-984CAA695393}
		{4F104507-DC9D-41F2-AFA4-3262C31007BE} = {07B00FDB-0426-4FAA-8C5E-DACDF7D03EDC}
	EndGlobalSection
	GlobalSection(ExtensibilityGlobals) = postSolution
		SolutionGuid = {9B340B3F-C600-4B71-92DC-41BCFDE468C4}
	EndGlobalSection
EndGlobal
