
Microsoft Visual Studio Solution File, Format Version 12.00
# Visual Studio 15
VisualStudioVersion = 15.0.27130.2024
MinimumVisualStudioVersion = 10.0.40219.1
Project("{FAE04EC0-301F-11D3-BF4B-00C04F79EFBC}") = "BridgeVs.Build", "BridgeVs.Build\BridgeVs.Build.csproj", "{276F3935-E0CA-450F-A55F-AED56DC2024E}"
EndProject
Project("{FAE04EC0-301F-11D3-BF4B-00C04F79EFBC}") = "BridgeVs.VsPackage", "BridgeVs.VsPackage\BridgeVs.VsPackage.csproj", "{1B82F962-5D04-42B6-8D18-7AA8E8FB615F}"
EndProject
Project("{FAE04EC0-301F-11D3-BF4B-00C04F79EFBC}") = "BridgeVs.VsPackage.Helper", "BridgeVs.VsPackage.Helper\BridgeVs.VsPackage.Helper.csproj", "{0FA0053B-AB53-40DF-A060-6DCC22568A23}"
EndProject
Project("{FAE04EC0-301F-11D3-BF4B-00C04F79EFBC}") = "BridgeVs.Grapple", "BridgeVs.Grapple\BridgeVs.Grapple.csproj", "{79C0C9ED-D22C-4855-97C1-F6BD0127A531}"
EndProject
Project("{FAE04EC0-301F-11D3-BF4B-00C04F79EFBC}") = "BridgeVs.Shared", "BridgeVs.Locations\BridgeVs.Shared.csproj", "{BC10F93A-5DA2-44F8-AE5E-5603CB46B548}"
EndProject
Project("{FAE04EC0-301F-11D3-BF4B-00C04F79EFBC}") = "BridgeVs.DynamicVisualizers", "BridgeVs.DynamicVisualizers\BridgeVs.DynamicVisualizers.csproj", "{B84FBD50-0B10-4C25-8430-680FC6FC3FEA}"
EndProject
Project("{9A19103F-16F7-4668-BE54-9A1E7A4F7556}") = "SharpRaven", "..\Lib\SharpRaven\src\app\SharpRaven\SharpRaven.csproj", "{D472FC40-284F-4532-A269-BE7BDAC2B153}"
EndProject
Global
	GlobalSection(SolutionConfigurationPlatforms) = preSolution
		Debug|Any CPU = Debug|Any CPU
		Debug-net35|Any CPU = Debug-net35|Any CPU
		Debug-net40|Any CPU = Debug-net40|Any CPU
		Debug-net45|Any CPU = Debug-net45|Any CPU
		Debug-netstandard2.0|Any CPU = Debug-netstandard2.0|Any CPU
		Deploy|Any CPU = Deploy|Any CPU
		Release|Any CPU = Release|Any CPU
		Release-net35|Any CPU = Release-net35|Any CPU
		Release-net40|Any CPU = Release-net40|Any CPU
		Release-net45|Any CPU = Release-net45|Any CPU
		Release-netstandard2.0|Any CPU = Release-netstandard2.0|Any CPU
		Test|Any CPU = Test|Any CPU
	EndGlobalSection
	GlobalSection(ProjectConfigurationPlatforms) = postSolution
		{276F3935-E0CA-450F-A55F-AED56DC2024E}.Debug|Any CPU.ActiveCfg = Debug|Any CPU
		{276F3935-E0CA-450F-A55F-AED56DC2024E}.Debug|Any CPU.Build.0 = Debug|Any CPU
		{276F3935-E0CA-450F-A55F-AED56DC2024E}.Debug-net35|Any CPU.ActiveCfg = Debug|Any CPU
		{276F3935-E0CA-450F-A55F-AED56DC2024E}.Debug-net35|Any CPU.Build.0 = Debug|Any CPU
		{276F3935-E0CA-450F-A55F-AED56DC2024E}.Debug-net40|Any CPU.ActiveCfg = Debug|Any CPU
		{276F3935-E0CA-450F-A55F-AED56DC2024E}.Debug-net40|Any CPU.Build.0 = Debug|Any CPU
		{276F3935-E0CA-450F-A55F-AED56DC2024E}.Debug-net45|Any CPU.ActiveCfg = Debug|Any CPU
		{276F3935-E0CA-450F-A55F-AED56DC2024E}.Debug-net45|Any CPU.Build.0 = Debug|Any CPU
		{276F3935-E0CA-450F-A55F-AED56DC2024E}.Debug-netstandard2.0|Any CPU.ActiveCfg = Debug|Any CPU
		{276F3935-E0CA-450F-A55F-AED56DC2024E}.Debug-netstandard2.0|Any CPU.Build.0 = Debug|Any CPU
		{276F3935-E0CA-450F-A55F-AED56DC2024E}.Deploy|Any CPU.ActiveCfg = Deploy|Any CPU
		{276F3935-E0CA-450F-A55F-AED56DC2024E}.Deploy|Any CPU.Build.0 = Deploy|Any CPU
		{276F3935-E0CA-450F-A55F-AED56DC2024E}.Release|Any CPU.ActiveCfg = Test|Any CPU
		{276F3935-E0CA-450F-A55F-AED56DC2024E}.Release|Any CPU.Build.0 = Test|Any CPU
		{276F3935-E0CA-450F-A55F-AED56DC2024E}.Release-net35|Any CPU.ActiveCfg = Test|Any CPU
		{276F3935-E0CA-450F-A55F-AED56DC2024E}.Release-net35|Any CPU.Build.0 = Test|Any CPU
		{276F3935-E0CA-450F-A55F-AED56DC2024E}.Release-net40|Any CPU.ActiveCfg = Test|Any CPU
		{276F3935-E0CA-450F-A55F-AED56DC2024E}.Release-net40|Any CPU.Build.0 = Test|Any CPU
		{276F3935-E0CA-450F-A55F-AED56DC2024E}.Release-net45|Any CPU.ActiveCfg = Test|Any CPU
		{276F3935-E0CA-450F-A55F-AED56DC2024E}.Release-net45|Any CPU.Build.0 = Test|Any CPU
		{276F3935-E0CA-450F-A55F-AED56DC2024E}.Release-netstandard2.0|Any CPU.ActiveCfg = Test|Any CPU
		{276F3935-E0CA-450F-A55F-AED56DC2024E}.Release-netstandard2.0|Any CPU.Build.0 = Test|Any CPU
		{276F3935-E0CA-450F-A55F-AED56DC2024E}.Test|Any CPU.ActiveCfg = Test|Any CPU
		{276F3935-E0CA-450F-A55F-AED56DC2024E}.Test|Any CPU.Build.0 = Test|Any CPU
		{1B82F962-5D04-42B6-8D18-7AA8E8FB615F}.Debug|Any CPU.ActiveCfg = Debug|Any CPU
		{1B82F962-5D04-42B6-8D18-7AA8E8FB615F}.Debug|Any CPU.Build.0 = Debug|Any CPU
		{1B82F962-5D04-42B6-8D18-7AA8E8FB615F}.Debug-net35|Any CPU.ActiveCfg = Debug|Any CPU
		{1B82F962-5D04-42B6-8D18-7AA8E8FB615F}.Debug-net35|Any CPU.Build.0 = Debug|Any CPU
		{1B82F962-5D04-42B6-8D18-7AA8E8FB615F}.Debug-net40|Any CPU.ActiveCfg = Debug|Any CPU
		{1B82F962-5D04-42B6-8D18-7AA8E8FB615F}.Debug-net40|Any CPU.Build.0 = Debug|Any CPU
		{1B82F962-5D04-42B6-8D18-7AA8E8FB615F}.Debug-net45|Any CPU.ActiveCfg = Debug|Any CPU
		{1B82F962-5D04-42B6-8D18-7AA8E8FB615F}.Debug-net45|Any CPU.Build.0 = Debug|Any CPU
		{1B82F962-5D04-42B6-8D18-7AA8E8FB615F}.Debug-netstandard2.0|Any CPU.ActiveCfg = Debug|Any CPU
		{1B82F962-5D04-42B6-8D18-7AA8E8FB615F}.Debug-netstandard2.0|Any CPU.Build.0 = Debug|Any CPU
		{1B82F962-5D04-42B6-8D18-7AA8E8FB615F}.Deploy|Any CPU.ActiveCfg = Deploy|Any CPU
		{1B82F962-5D04-42B6-8D18-7AA8E8FB615F}.Deploy|Any CPU.Build.0 = Deploy|Any CPU
		{1B82F962-5D04-42B6-8D18-7AA8E8FB615F}.Release|Any CPU.ActiveCfg = Test|Any CPU
		{1B82F962-5D04-42B6-8D18-7AA8E8FB615F}.Release|Any CPU.Build.0 = Test|Any CPU
		{1B82F962-5D04-42B6-8D18-7AA8E8FB615F}.Release-net35|Any CPU.ActiveCfg = Test|Any CPU
		{1B82F962-5D04-42B6-8D18-7AA8E8FB615F}.Release-net35|Any CPU.Build.0 = Test|Any CPU
		{1B82F962-5D04-42B6-8D18-7AA8E8FB615F}.Release-net40|Any CPU.ActiveCfg = Test|Any CPU
		{1B82F962-5D04-42B6-8D18-7AA8E8FB615F}.Release-net40|Any CPU.Build.0 = Test|Any CPU
		{1B82F962-5D04-42B6-8D18-7AA8E8FB615F}.Release-net45|Any CPU.ActiveCfg = Test|Any CPU
		{1B82F962-5D04-42B6-8D18-7AA8E8FB615F}.Release-net45|Any CPU.Build.0 = Test|Any CPU
		{1B82F962-5D04-42B6-8D18-7AA8E8FB615F}.Release-netstandard2.0|Any CPU.ActiveCfg = Test|Any CPU
		{1B82F962-5D04-42B6-8D18-7AA8E8FB615F}.Release-netstandard2.0|Any CPU.Build.0 = Test|Any CPU
		{1B82F962-5D04-42B6-8D18-7AA8E8FB615F}.Test|Any CPU.ActiveCfg = Test|Any CPU
		{1B82F962-5D04-42B6-8D18-7AA8E8FB615F}.Test|Any CPU.Build.0 = Test|Any CPU
		{0FA0053B-AB53-40DF-A060-6DCC22568A23}.Debug|Any CPU.ActiveCfg = Debug|Any CPU
		{0FA0053B-AB53-40DF-A060-6DCC22568A23}.Debug|Any CPU.Build.0 = Debug|Any CPU
		{0FA0053B-AB53-40DF-A060-6DCC22568A23}.Debug-net35|Any CPU.ActiveCfg = Debug|Any CPU
		{0FA0053B-AB53-40DF-A060-6DCC22568A23}.Debug-net35|Any CPU.Build.0 = Debug|Any CPU
		{0FA0053B-AB53-40DF-A060-6DCC22568A23}.Debug-net40|Any CPU.ActiveCfg = Debug|Any CPU
		{0FA0053B-AB53-40DF-A060-6DCC22568A23}.Debug-net40|Any CPU.Build.0 = Debug|Any CPU
		{0FA0053B-AB53-40DF-A060-6DCC22568A23}.Debug-net45|Any CPU.ActiveCfg = Debug|Any CPU
		{0FA0053B-AB53-40DF-A060-6DCC22568A23}.Debug-net45|Any CPU.Build.0 = Debug|Any CPU
		{0FA0053B-AB53-40DF-A060-6DCC22568A23}.Debug-netstandard2.0|Any CPU.ActiveCfg = Debug|Any CPU
		{0FA0053B-AB53-40DF-A060-6DCC22568A23}.Debug-netstandard2.0|Any CPU.Build.0 = Debug|Any CPU
		{0FA0053B-AB53-40DF-A060-6DCC22568A23}.Deploy|Any CPU.ActiveCfg = Deploy|Any CPU
		{0FA0053B-AB53-40DF-A060-6DCC22568A23}.Deploy|Any CPU.Build.0 = Deploy|Any CPU
		{0FA0053B-AB53-40DF-A060-6DCC22568A23}.Release|Any CPU.ActiveCfg = Test|Any CPU
		{0FA0053B-AB53-40DF-A060-6DCC22568A23}.Release|Any CPU.Build.0 = Test|Any CPU
		{0FA0053B-AB53-40DF-A060-6DCC22568A23}.Release-net35|Any CPU.ActiveCfg = Test|Any CPU
		{0FA0053B-AB53-40DF-A060-6DCC22568A23}.Release-net35|Any CPU.Build.0 = Test|Any CPU
		{0FA0053B-AB53-40DF-A060-6DCC22568A23}.Release-net40|Any CPU.ActiveCfg = Test|Any CPU
		{0FA0053B-AB53-40DF-A060-6DCC22568A23}.Release-net40|Any CPU.Build.0 = Test|Any CPU
		{0FA0053B-AB53-40DF-A060-6DCC22568A23}.Release-net45|Any CPU.ActiveCfg = Test|Any CPU
		{0FA0053B-AB53-40DF-A060-6DCC22568A23}.Release-net45|Any CPU.Build.0 = Test|Any CPU
		{0FA0053B-AB53-40DF-A060-6DCC22568A23}.Release-netstandard2.0|Any CPU.ActiveCfg = Test|Any CPU
		{0FA0053B-AB53-40DF-A060-6DCC22568A23}.Release-netstandard2.0|Any CPU.Build.0 = Test|Any CPU
		{0FA0053B-AB53-40DF-A060-6DCC22568A23}.Test|Any CPU.ActiveCfg = Test|Any CPU
		{0FA0053B-AB53-40DF-A060-6DCC22568A23}.Test|Any CPU.Build.0 = Test|Any CPU
		{79C0C9ED-D22C-4855-97C1-F6BD0127A531}.Debug|Any CPU.ActiveCfg = Debug|Any CPU
		{79C0C9ED-D22C-4855-97C1-F6BD0127A531}.Debug|Any CPU.Build.0 = Debug|Any CPU
		{79C0C9ED-D22C-4855-97C1-F6BD0127A531}.Debug-net35|Any CPU.ActiveCfg = Debug|Any CPU
		{79C0C9ED-D22C-4855-97C1-F6BD0127A531}.Debug-net35|Any CPU.Build.0 = Debug|Any CPU
		{79C0C9ED-D22C-4855-97C1-F6BD0127A531}.Debug-net40|Any CPU.ActiveCfg = Debug|Any CPU
		{79C0C9ED-D22C-4855-97C1-F6BD0127A531}.Debug-net40|Any CPU.Build.0 = Debug|Any CPU
		{79C0C9ED-D22C-4855-97C1-F6BD0127A531}.Debug-net45|Any CPU.ActiveCfg = Debug|Any CPU
		{79C0C9ED-D22C-4855-97C1-F6BD0127A531}.Debug-net45|Any CPU.Build.0 = Debug|Any CPU
		{79C0C9ED-D22C-4855-97C1-F6BD0127A531}.Debug-netstandard2.0|Any CPU.ActiveCfg = Debug|Any CPU
		{79C0C9ED-D22C-4855-97C1-F6BD0127A531}.Debug-netstandard2.0|Any CPU.Build.0 = Debug|Any CPU
		{79C0C9ED-D22C-4855-97C1-F6BD0127A531}.Deploy|Any CPU.ActiveCfg = Deploy|Any CPU
		{79C0C9ED-D22C-4855-97C1-F6BD0127A531}.Deploy|Any CPU.Build.0 = Deploy|Any CPU
		{79C0C9ED-D22C-4855-97C1-F6BD0127A531}.Release|Any CPU.ActiveCfg = Test|Any CPU
		{79C0C9ED-D22C-4855-97C1-F6BD0127A531}.Release|Any CPU.Build.0 = Test|Any CPU
		{79C0C9ED-D22C-4855-97C1-F6BD0127A531}.Release-net35|Any CPU.ActiveCfg = Test|Any CPU
		{79C0C9ED-D22C-4855-97C1-F6BD0127A531}.Release-net35|Any CPU.Build.0 = Test|Any CPU
		{79C0C9ED-D22C-4855-97C1-F6BD0127A531}.Release-net40|Any CPU.ActiveCfg = Test|Any CPU
		{79C0C9ED-D22C-4855-97C1-F6BD0127A531}.Release-net40|Any CPU.Build.0 = Test|Any CPU
		{79C0C9ED-D22C-4855-97C1-F6BD0127A531}.Release-net45|Any CPU.ActiveCfg = Test|Any CPU
		{79C0C9ED-D22C-4855-97C1-F6BD0127A531}.Release-net45|Any CPU.Build.0 = Test|Any CPU
		{79C0C9ED-D22C-4855-97C1-F6BD0127A531}.Release-netstandard2.0|Any CPU.ActiveCfg = Test|Any CPU
		{79C0C9ED-D22C-4855-97C1-F6BD0127A531}.Release-netstandard2.0|Any CPU.Build.0 = Test|Any CPU
		{79C0C9ED-D22C-4855-97C1-F6BD0127A531}.Test|Any CPU.ActiveCfg = Test|Any CPU
		{79C0C9ED-D22C-4855-97C1-F6BD0127A531}.Test|Any CPU.Build.0 = Test|Any CPU
		{BC10F93A-5DA2-44F8-AE5E-5603CB46B548}.Debug|Any CPU.ActiveCfg = Debug|Any CPU
		{BC10F93A-5DA2-44F8-AE5E-5603CB46B548}.Debug|Any CPU.Build.0 = Debug|Any CPU
		{BC10F93A-5DA2-44F8-AE5E-5603CB46B548}.Debug-net35|Any CPU.ActiveCfg = Debug|Any CPU
		{BC10F93A-5DA2-44F8-AE5E-5603CB46B548}.Debug-net35|Any CPU.Build.0 = Debug|Any CPU
		{BC10F93A-5DA2-44F8-AE5E-5603CB46B548}.Debug-net40|Any CPU.ActiveCfg = Debug|Any CPU
		{BC10F93A-5DA2-44F8-AE5E-5603CB46B548}.Debug-net40|Any CPU.Build.0 = Debug|Any CPU
		{BC10F93A-5DA2-44F8-AE5E-5603CB46B548}.Debug-net45|Any CPU.ActiveCfg = Debug|Any CPU
		{BC10F93A-5DA2-44F8-AE5E-5603CB46B548}.Debug-net45|Any CPU.Build.0 = Debug|Any CPU
		{BC10F93A-5DA2-44F8-AE5E-5603CB46B548}.Debug-netstandard2.0|Any CPU.ActiveCfg = Debug|Any CPU
		{BC10F93A-5DA2-44F8-AE5E-5603CB46B548}.Debug-netstandard2.0|Any CPU.Build.0 = Debug|Any CPU
		{BC10F93A-5DA2-44F8-AE5E-5603CB46B548}.Deploy|Any CPU.ActiveCfg = Deploy|Any CPU
		{BC10F93A-5DA2-44F8-AE5E-5603CB46B548}.Deploy|Any CPU.Build.0 = Deploy|Any CPU
		{BC10F93A-5DA2-44F8-AE5E-5603CB46B548}.Release|Any CPU.ActiveCfg = Test|Any CPU
		{BC10F93A-5DA2-44F8-AE5E-5603CB46B548}.Release|Any CPU.Build.0 = Test|Any CPU
		{BC10F93A-5DA2-44F8-AE5E-5603CB46B548}.Release-net35|Any CPU.ActiveCfg = Test|Any CPU
		{BC10F93A-5DA2-44F8-AE5E-5603CB46B548}.Release-net35|Any CPU.Build.0 = Test|Any CPU
		{BC10F93A-5DA2-44F8-AE5E-5603CB46B548}.Release-net40|Any CPU.ActiveCfg = Test|Any CPU
		{BC10F93A-5DA2-44F8-AE5E-5603CB46B548}.Release-net40|Any CPU.Build.0 = Test|Any CPU
		{BC10F93A-5DA2-44F8-AE5E-5603CB46B548}.Release-net45|Any CPU.ActiveCfg = Test|Any CPU
		{BC10F93A-5DA2-44F8-AE5E-5603CB46B548}.Release-net45|Any CPU.Build.0 = Test|Any CPU
		{BC10F93A-5DA2-44F8-AE5E-5603CB46B548}.Release-netstandard2.0|Any CPU.ActiveCfg = Test|Any CPU
		{BC10F93A-5DA2-44F8-AE5E-5603CB46B548}.Release-netstandard2.0|Any CPU.Build.0 = Test|Any CPU
		{BC10F93A-5DA2-44F8-AE5E-5603CB46B548}.Test|Any CPU.ActiveCfg = Test|Any CPU
		{BC10F93A-5DA2-44F8-AE5E-5603CB46B548}.Test|Any CPU.Build.0 = Test|Any CPU
		{B84FBD50-0B10-4C25-8430-680FC6FC3FEA}.Debug|Any CPU.ActiveCfg = Debug|Any CPU
		{B84FBD50-0B10-4C25-8430-680FC6FC3FEA}.Debug|Any CPU.Build.0 = Debug|Any CPU
		{B84FBD50-0B10-4C25-8430-680FC6FC3FEA}.Debug-net35|Any CPU.ActiveCfg = Debug|Any CPU
		{B84FBD50-0B10-4C25-8430-680FC6FC3FEA}.Debug-net35|Any CPU.Build.0 = Debug|Any CPU
		{B84FBD50-0B10-4C25-8430-680FC6FC3FEA}.Debug-net40|Any CPU.ActiveCfg = Debug|Any CPU
		{B84FBD50-0B10-4C25-8430-680FC6FC3FEA}.Debug-net40|Any CPU.Build.0 = Debug|Any CPU
		{B84FBD50-0B10-4C25-8430-680FC6FC3FEA}.Debug-net45|Any CPU.ActiveCfg = Debug|Any CPU
		{B84FBD50-0B10-4C25-8430-680FC6FC3FEA}.Debug-net45|Any CPU.Build.0 = Debug|Any CPU
		{B84FBD50-0B10-4C25-8430-680FC6FC3FEA}.Debug-netstandard2.0|Any CPU.ActiveCfg = Debug|Any CPU
		{B84FBD50-0B10-4C25-8430-680FC6FC3FEA}.Debug-netstandard2.0|Any CPU.Build.0 = Debug|Any CPU
		{B84FBD50-0B10-4C25-8430-680FC6FC3FEA}.Deploy|Any CPU.ActiveCfg = Deploy|Any CPU
		{B84FBD50-0B10-4C25-8430-680FC6FC3FEA}.Deploy|Any CPU.Build.0 = Deploy|Any CPU
		{B84FBD50-0B10-4C25-8430-680FC6FC3FEA}.Release|Any CPU.ActiveCfg = Test|Any CPU
		{B84FBD50-0B10-4C25-8430-680FC6FC3FEA}.Release|Any CPU.Build.0 = Test|Any CPU
		{B84FBD50-0B10-4C25-8430-680FC6FC3FEA}.Release-net35|Any CPU.ActiveCfg = Test|Any CPU
		{B84FBD50-0B10-4C25-8430-680FC6FC3FEA}.Release-net35|Any CPU.Build.0 = Test|Any CPU
		{B84FBD50-0B10-4C25-8430-680FC6FC3FEA}.Release-net40|Any CPU.ActiveCfg = Test|Any CPU
		{B84FBD50-0B10-4C25-8430-680FC6FC3FEA}.Release-net40|Any CPU.Build.0 = Test|Any CPU
		{B84FBD50-0B10-4C25-8430-680FC6FC3FEA}.Release-net45|Any CPU.ActiveCfg = Test|Any CPU
		{B84FBD50-0B10-4C25-8430-680FC6FC3FEA}.Release-net45|Any CPU.Build.0 = Test|Any CPU
		{B84FBD50-0B10-4C25-8430-680FC6FC3FEA}.Release-netstandard2.0|Any CPU.ActiveCfg = Test|Any CPU
		{B84FBD50-0B10-4C25-8430-680FC6FC3FEA}.Release-netstandard2.0|Any CPU.Build.0 = Test|Any CPU
		{B84FBD50-0B10-4C25-8430-680FC6FC3FEA}.Test|Any CPU.ActiveCfg = Test|Any CPU
		{B84FBD50-0B10-4C25-8430-680FC6FC3FEA}.Test|Any CPU.Build.0 = Test|Any CPU
		{D472FC40-284F-4532-A269-BE7BDAC2B153}.Debug|Any CPU.ActiveCfg = Debug|Any CPU
		{D472FC40-284F-4532-A269-BE7BDAC2B153}.Debug|Any CPU.Build.0 = Debug|Any CPU
		{D472FC40-284F-4532-A269-BE7BDAC2B153}.Debug-net35|Any CPU.ActiveCfg = Debug-net35|Any CPU
		{D472FC40-284F-4532-A269-BE7BDAC2B153}.Debug-net35|Any CPU.Build.0 = Debug-net35|Any CPU
		{D472FC40-284F-4532-A269-BE7BDAC2B153}.Debug-net40|Any CPU.ActiveCfg = Debug-net40|Any CPU
		{D472FC40-284F-4532-A269-BE7BDAC2B153}.Debug-net40|Any CPU.Build.0 = Debug-net40|Any CPU
		{D472FC40-284F-4532-A269-BE7BDAC2B153}.Debug-net45|Any CPU.ActiveCfg = Debug-net45|Any CPU
		{D472FC40-284F-4532-A269-BE7BDAC2B153}.Debug-net45|Any CPU.Build.0 = Debug-net45|Any CPU
		{D472FC40-284F-4532-A269-BE7BDAC2B153}.Debug-netstandard2.0|Any CPU.ActiveCfg = Debug-netstandard2.0|Any CPU
		{D472FC40-284F-4532-A269-BE7BDAC2B153}.Debug-netstandard2.0|Any CPU.Build.0 = Debug-netstandard2.0|Any CPU
		{D472FC40-284F-4532-A269-BE7BDAC2B153}.Deploy|Any CPU.ActiveCfg = Debug-net40|Any CPU
		{D472FC40-284F-4532-A269-BE7BDAC2B153}.Deploy|Any CPU.Build.0 = Debug-net40|Any CPU
		{D472FC40-284F-4532-A269-BE7BDAC2B153}.Release|Any CPU.ActiveCfg = Release|Any CPU
		{D472FC40-284F-4532-A269-BE7BDAC2B153}.Release|Any CPU.Build.0 = Release|Any CPU
		{D472FC40-284F-4532-A269-BE7BDAC2B153}.Release-net35|Any CPU.ActiveCfg = Release-net35|Any CPU
		{D472FC40-284F-4532-A269-BE7BDAC2B153}.Release-net35|Any CPU.Build.0 = Release-net35|Any CPU
		{D472FC40-284F-4532-A269-BE7BDAC2B153}.Release-net40|Any CPU.ActiveCfg = Release-net40|Any CPU
		{D472FC40-284F-4532-A269-BE7BDAC2B153}.Release-net40|Any CPU.Build.0 = Release-net40|Any CPU
		{D472FC40-284F-4532-A269-BE7BDAC2B153}.Release-net45|Any CPU.ActiveCfg = Release-net45|Any CPU
		{D472FC40-284F-4532-A269-BE7BDAC2B153}.Release-net45|Any CPU.Build.0 = Release-net45|Any CPU
		{D472FC40-284F-4532-A269-BE7BDAC2B153}.Release-netstandard2.0|Any CPU.ActiveCfg = Release-netstandard2.0|Any CPU
		{D472FC40-284F-4532-A269-BE7BDAC2B153}.Release-netstandard2.0|Any CPU.Build.0 = Release-netstandard2.0|Any CPU
		{D472FC40-284F-4532-A269-BE7BDAC2B153}.Test|Any CPU.ActiveCfg = Debug-net40|Any CPU
		{D472FC40-284F-4532-A269-BE7BDAC2B153}.Test|Any CPU.Build.0 = Debug-net40|Any CPU
	EndGlobalSection
	GlobalSection(SolutionProperties) = preSolution
		HideSolutionNode = FALSE
	EndGlobalSection
	GlobalSection(ExtensibilityGlobals) = postSolution
		SolutionGuid = {9B340B3F-C600-4B71-92DC-41BCFDE468C4}
	EndGlobalSection
EndGlobal
